
Microsoft Visual Studio Solution File, Format Version 12.00
# Visual Studio 2013
VisualStudioVersion = 12.0.30723.0
MinimumVisualStudioVersion = 10.0.40219.1
Project("{8BC9CEB8-8B4A-11D0-8D11-00A0C91BC942}") = "problem-one", "problem-one\problem-one.vcxproj", "{2F5B91DF-DB6C-4269-8CD7-AA13DAB476AE}"
EndProject
Project("{8BC9CEB8-8B4A-11D0-8D11-00A0C91BC942}") = "problem-five", "problem-five\problem-five.vcxproj", "{8ABD0322-B517-4542-9260-670464A2AC77}"
EndProject
Project("{8BC9CEB8-8B4A-11D0-8D11-00A0C91BC942}") = "problem-four", "problem-four\problem-four.vcxproj", "{CCA26268-A9B8-4485-A57C-7DE307CA750F}"
EndProject
Global
	GlobalSection(SolutionConfigurationPlatforms) = preSolution
		Debug|Win32 = Debug|Win32
		Release|Win32 = Release|Win32
	EndGlobalSection
	GlobalSection(ProjectConfigurationPlatforms) = postSolution
		{2F5B91DF-DB6C-4269-8CD7-AA13DAB476AE}.Debug|Win32.ActiveCfg = Debug|Win32
		{2F5B91DF-DB6C-4269-8CD7-AA13DAB476AE}.Debug|Win32.Build.0 = Debug|Win32
		{2F5B91DF-DB6C-4269-8CD7-AA13DAB476AE}.Release|Win32.ActiveCfg = Release|Win32
		{2F5B91DF-DB6C-4269-8CD7-AA13DAB476AE}.Release|Win32.Build.0 = Release|Win32
		{8ABD0322-B517-4542-9260-670464A2AC77}.Debug|Win32.ActiveCfg = Debug|Win32
		{8ABD0322-B517-4542-9260-670464A2AC77}.Debug|Win32.Build.0 = Debug|Win32
		{8ABD0322-B517-4542-9260-670464A2AC77}.Release|Win32.ActiveCfg = Release|Win32
		{8ABD0322-B517-4542-9260-670464A2AC77}.Release|Win32.Build.0 = Release|Win32
		{CCA26268-A9B8-4485-A57C-7DE307CA750F}.Debug|Win32.ActiveCfg = Debug|Win32
		{CCA26268-A9B8-4485-A57C-7DE307CA750F}.Debug|Win32.Build.0 = Debug|Win32
		{CCA26268-A9B8-4485-A57C-7DE307CA750F}.Release|Win32.ActiveCfg = Release|Win32
		{CCA26268-A9B8-4485-A57C-7DE307CA750F}.Release|Win32.Build.0 = Release|Win32
	EndGlobalSection
	GlobalSection(SolutionProperties) = preSolution
		HideSolutionNode = FALSE
	EndGlobalSection
EndGlobal
