// !$*UTF8*$!
{
	archiveVersion = 1;
	classes = {
	};
	objectVersion = 46;
	objects = {

/* Begin PBXBuildFile section */
		8E2D110A1AD4946300C70F0F /* Source.rtf in Resources */ = {isa = PBXBuildFile; fileRef = 8E2D11091AD4946300C70F0F /* Source.rtf */; };
		8E6BB2031ACB67E100CFD0C0 /* AppDelegate.swift in Sources */ = {isa = PBXBuildFile; fileRef = 8E6BB2021ACB67E100CFD0C0 /* AppDelegate.swift */; };
		8E6BB2051ACB67E100CFD0C0 /* ViewController.swift in Sources */ = {isa = PBXBuildFile; fileRef = 8E6BB2041ACB67E100CFD0C0 /* ViewController.swift */; };
		8E6BB2081ACB67E100CFD0C0 /* Main.storyboard in Resources */ = {isa = PBXBuildFile; fileRef = 8E6BB2061ACB67E100CFD0C0 /* Main.storyboard */; };
		8E6BB20A1ACB67E100CFD0C0 /* Images.xcassets in Resources */ = {isa = PBXBuildFile; fileRef = 8E6BB2091ACB67E100CFD0C0 /* Images.xcassets */; };
		8E6BB20D1ACB67E100CFD0C0 /* LaunchScreen.xib in Resources */ = {isa = PBXBuildFile; fileRef = 8E6BB20B1ACB67E100CFD0C0 /* LaunchScreen.xib */; };
		8E6BB2191ACB67E100CFD0C0 /* BundlesTests.swift in Sources */ = {isa = PBXBuildFile; fileRef = 8E6BB2181ACB67E100CFD0C0 /* BundlesTests.swift */; };
/* End PBXBuildFile section */

/* Begin PBXContainerItemProxy section */
		8E6BB2131ACB67E100CFD0C0 /* PBXContainerItemProxy */ = {
			isa = PBXContainerItemProxy;
			containerPortal = 8E6BB1F51ACB67E100CFD0C0 /* Project object */;
			proxyType = 1;
			remoteGlobalIDString = 8E6BB1FC1ACB67E100CFD0C0;
			remoteInfo = Bundles;
		};
/* End PBXContainerItemProxy section */

/* Begin PBXFileReference section */
		8E2D11091AD4946300C70F0F /* Source.rtf */ = {isa = PBXFileReference; fileEncoding = 4; lastKnownFileType = text.rtf; path = Source.rtf; sourceTree = "<group>"; };
		8E6BB1FD1ACB67E100CFD0C0 /* Bundles.app */ = {isa = PBXFileReference; explicitFileType = wrapper.application; includeInIndex = 0; path = Bundles.app; sourceTree = BUILT_PRODUCTS_DIR; };
		8E6BB2011ACB67E100CFD0C0 /* Info.plist */ = {isa = PBXFileReference; lastKnownFileType = text.plist.xml; path = Info.plist; sourceTree = "<group>"; };
		8E6BB2021ACB67E100CFD0C0 /* AppDelegate.swift */ = {isa = PBXFileReference; lastKnownFileType = sourcecode.swift; path = AppDelegate.swift; sourceTree = "<group>"; };
		8E6BB2041ACB67E100CFD0C0 /* ViewController.swift */ = {isa = PBXFileReference; lastKnownFileType = sourcecode.swift; path = ViewController.swift; sourceTree = "<group>"; };
		8E6BB2071ACB67E100CFD0C0 /* Base */ = {isa = PBXFileReference; lastKnownFileType = file.storyboard; name = Base; path = Base.lproj/Main.storyboard; sourceTree = "<group>"; };
		8E6BB2091ACB67E100CFD0C0 /* Images.xcassets */ = {isa = PBXFileReference; lastKnownFileType = folder.assetcatalog; path = Images.xcassets; sourceTree = "<group>"; };
		8E6BB20C1ACB67E100CFD0C0 /* Base */ = {isa = PBXFileReference; lastKnownFileType = file.xib; name = Base; path = Base.lproj/LaunchScreen.xib; sourceTree = "<group>"; };
		8E6BB2121ACB67E100CFD0C0 /* BundlesTests.xctest */ = {isa = PBXFileReference; explicitFileType = wrapper.cfbundle; includeInIndex = 0; path = BundlesTests.xctest; sourceTree = BUILT_PRODUCTS_DIR; };
		8E6BB2171ACB67E100CFD0C0 /* Info.plist */ = {isa = PBXFileReference; lastKnownFileType = text.plist.xml; path = Info.plist; sourceTree = "<group>"; };
		8E6BB2181ACB67E100CFD0C0 /* BundlesTests.swift */ = {isa = PBXFileReference; lastKnownFileType = sourcecode.swift; path = BundlesTests.swift; sourceTree = "<group>"; };
/* End PBXFileReference section */

/* Begin PBXFrameworksBuildPhase section */
		8E6BB1FA1ACB67E100CFD0C0 /* Frameworks */ = {
			isa = PBXFrameworksBuildPhase;
			buildActionMask = 2147483647;
			files = (
			);
			runOnlyForDeploymentPostprocessing = 0;
		};
		8E6BB20F1ACB67E100CFD0C0 /* Frameworks */ = {
			isa = PBXFrameworksBuildPhase;
			buildActionMask = 2147483647;
			files = (
			);
			runOnlyForDeploymentPostprocessing = 0;
		};
/* End PBXFrameworksBuildPhase section */

/* Begin PBXGroup section */
		8E6BB1F41ACB67E100CFD0C0 = {
			isa = PBXGroup;
			children = (
				8E2D11091AD4946300C70F0F /* Source.rtf */,
				8E6BB1FF1ACB67E100CFD0C0 /* Bundles */,
				8E6BB2151ACB67E100CFD0C0 /* BundlesTests */,
				8E6BB1FE1ACB67E100CFD0C0 /* Products */,
			);
			sourceTree = "<group>";
		};
		8E6BB1FE1ACB67E100CFD0C0 /* Products */ = {
			isa = PBXGroup;
			children = (
				8E6BB1FD1ACB67E100CFD0C0 /* Bundles.app */,
				8E6BB2121ACB67E100CFD0C0 /* BundlesTests.xctest */,
			);
			name = Products;
			sourceTree = "<group>";
		};
		8E6BB1FF1ACB67E100CFD0C0 /* Bundles */ = {
			isa = PBXGroup;
			children = (
				8E6BB2021ACB67E100CFD0C0 /* AppDelegate.swift */,
				8E6BB2041ACB67E100CFD0C0 /* ViewController.swift */,
				8E6BB2061ACB67E100CFD0C0 /* Main.storyboard */,
				8E6BB2091ACB67E100CFD0C0 /* Images.xcassets */,
				8E6BB20B1ACB67E100CFD0C0 /* LaunchScreen.xib */,
				8E6BB2001ACB67E100CFD0C0 /* Supporting Files */,
			);
			path = Bundles;
			sourceTree = "<group>";
		};
		8E6BB2001ACB67E100CFD0C0 /* Supporting Files */ = {
			isa = PBXGroup;
			children = (
				8E6BB2011ACB67E100CFD0C0 /* Info.plist */,
			);
			name = "Supporting Files";
			sourceTree = "<group>";
		};
		8E6BB2151ACB67E100CFD0C0 /* BundlesTests */ = {
			isa = PBXGroup;
			children = (
				8E6BB2181ACB67E100CFD0C0 /* BundlesTests.swift */,
				8E6BB2161ACB67E100CFD0C0 /* Supporting Files */,
			);
			path = BundlesTests;
			sourceTree = "<group>";
		};
		8E6BB2161ACB67E100CFD0C0 /* Supporting Files */ = {
			isa = PBXGroup;
			children = (
				8E6BB2171ACB67E100CFD0C0 /* Info.plist */,
			);
			name = "Supporting Files";
			sourceTree = "<group>";
		};
/* End PBXGroup section */

/* Begin PBXNativeTarget section */
		8E6BB1FC1ACB67E100CFD0C0 /* Bundles */ = {
			isa = PBXNativeTarget;
			buildConfigurationList = 8E6BB21C1ACB67E100CFD0C0 /* Build configuration list for PBXNativeTarget "Bundles" */;
			buildPhases = (
				8E6BB1F91ACB67E100CFD0C0 /* Sources */,
				8E6BB1FA1ACB67E100CFD0C0 /* Frameworks */,
				8E6BB1FB1ACB67E100CFD0C0 /* Resources */,
			);
			buildRules = (
			);
			dependencies = (
			);
			name = Bundles;
			productName = Bundles;
			productReference = 8E6BB1FD1ACB67E100CFD0C0 /* Bundles.app */;
			productType = "com.apple.product-type.application";
		};
		8E6BB2111ACB67E100CFD0C0 /* BundlesTests */ = {
			isa = PBXNativeTarget;
			buildConfigurationList = 8E6BB21F1ACB67E100CFD0C0 /* Build configuration list for PBXNativeTarget "BundlesTests" */;
			buildPhases = (
				8E6BB20E1ACB67E100CFD0C0 /* Sources */,
				8E6BB20F1ACB67E100CFD0C0 /* Frameworks */,
				8E6BB2101ACB67E100CFD0C0 /* Resources */,
			);
			buildRules = (
			);
			dependencies = (
				8E6BB2141ACB67E100CFD0C0 /* PBXTargetDependency */,
			);
			name = BundlesTests;
			productName = BundlesTests;
			productReference = 8E6BB2121ACB67E100CFD0C0 /* BundlesTests.xctest */;
			productType = "com.apple.product-type.bundle.unit-test";
		};
/* End PBXNativeTarget section */

/* Begin PBXProject section */
		8E6BB1F51ACB67E100CFD0C0 /* Project object */ = {
			isa = PBXProject;
			attributes = {
				LastUpgradeCheck = 0620;
				ORGANIZATIONNAME = "Oliver Spryn";
				TargetAttributes = {
					8E6BB1FC1ACB67E100CFD0C0 = {
						CreatedOnToolsVersion = 6.2;
					};
					8E6BB2111ACB67E100CFD0C0 = {
						CreatedOnToolsVersion = 6.2;
						TestTargetID = 8E6BB1FC1ACB67E100CFD0C0;
					};
				};
			};
			buildConfigurationList = 8E6BB1F81ACB67E100CFD0C0 /* Build configuration list for PBXProject "Bundles" */;
			compatibilityVersion = "Xcode 3.2";
			developmentRegion = English;
			hasScannedForEncodings = 0;
			knownRegions = (
				en,
				Base,
			);
			mainGroup = 8E6BB1F41ACB67E100CFD0C0;
			productRefGroup = 8E6BB1FE1ACB67E100CFD0C0 /* Products */;
			projectDirPath = "";
			projectRoot = "";
			targets = (
				8E6BB1FC1ACB67E100CFD0C0 /* Bundles */,
				8E6BB2111ACB67E100CFD0C0 /* BundlesTests */,
			);
		};
/* End PBXProject section */

/* Begin PBXResourcesBuildPhase section */
		8E6BB1FB1ACB67E100CFD0C0 /* Resources */ = {
			isa = PBXResourcesBuildPhase;
			buildActionMask = 2147483647;
			files = (
				8E6BB2081ACB67E100CFD0C0 /* Main.storyboard in Resources */,
				8E2D110A1AD4946300C70F0F /* Source.rtf in Resources */,
				8E6BB20D1ACB67E100CFD0C0 /* LaunchScreen.xib in Resources */,
				8E6BB20A1ACB67E100CFD0C0 /* Images.xcassets in Resources */,
			);
			runOnlyForDeploymentPostprocessing = 0;
		};
		8E6BB2101ACB67E100CFD0C0 /* Resources */ = {
			isa = PBXResourcesBuildPhase;
			buildActionMask = 2147483647;
			files = (
			);
			runOnlyForDeploymentPostprocessing = 0;
		};
/* End PBXResourcesBuildPhase section */

/* Begin PBXSourcesBuildPhase section */
		8E6BB1F91ACB67E100CFD0C0 /* Sources */ = {
			isa = PBXSourcesBuildPhase;
			buildActionMask = 2147483647;
			files = (
				8E6BB2051ACB67E100CFD0C0 /* ViewController.swift in Sources */,
				8E6BB2031ACB67E100CFD0C0 /* AppDelegate.swift in Sources */,
			);
			runOnlyForDeploymentPostprocessing = 0;
		};
		8E6BB20E1ACB67E100CFD0C0 /* Sources */ = {
			isa = PBXSourcesBuildPhase;
			buildActionMask = 2147483647;
			files = (
				8E6BB2191ACB67E100CFD0C0 /* BundlesTests.swift in Sources */,
			);
			runOnlyForDeploymentPostprocessing = 0;
		};
/* End PBXSourcesBuildPhase section */

/* Begin PBXTargetDependency section */
		8E6BB2141ACB67E100CFD0C0 /* PBXTargetDependency */ = {
			isa = PBXTargetDependency;
			target = 8E6BB1FC1ACB67E100CFD0C0 /* Bundles */;
			targetProxy = 8E6BB2131ACB67E100CFD0C0 /* PBXContainerItemProxy */;
		};
/* End PBXTargetDependency section */

/* Begin PBXVariantGroup section */
		8E6BB2061ACB67E100CFD0C0 /* Main.storyboard */ = {
			isa = PBXVariantGroup;
			children = (
				8E6BB2071ACB67E100CFD0C0 /* Base */,
			);
			name = Main.storyboard;
			sourceTree = "<group>";
		};
		8E6BB20B1ACB67E100CFD0C0 /* LaunchScreen.xib */ = {
			isa = PBXVariantGroup;
			children = (
				8E6BB20C1ACB67E100CFD0C0 /* Base */,
			);
			name = LaunchScreen.xib;
			sourceTree = "<group>";
		};
/* End PBXVariantGroup section */

/* Begin XCBuildConfiguration section */
		8E6BB21A1ACB67E100CFD0C0 /* Debug */ = {
			isa = XCBuildConfiguration;
			buildSettings = {
				ALWAYS_SEARCH_USER_PATHS = NO;
				CLANG_CXX_LANGUAGE_STANDARD = "gnu++0x";
				CLANG_CXX_LIBRARY = "libc++";
				CLANG_ENABLE_MODULES = YES;
				CLANG_ENABLE_OBJC_ARC = YES;
				CLANG_WARN_BOOL_CONVERSION = YES;
				CLANG_WARN_CONSTANT_CONVERSION = YES;
				CLANG_WARN_DIRECT_OBJC_ISA_USAGE = YES_ERROR;
				CLANG_WARN_EMPTY_BODY = YES;
				CLANG_WARN_ENUM_CONVERSION = YES;
				CLANG_WARN_INT_CONVERSION = YES;
				CLANG_WARN_OBJC_ROOT_CLASS = YES_ERROR;
				CLANG_WARN_UNREACHABLE_CODE = YES;
				CLANG_WARN__DUPLICATE_METHOD_MATCH = YES;
				"CODE_SIGN_IDENTITY[sdk=iphoneos*]" = "iPhone Developer";
				COPY_PHASE_STRIP = NO;
				ENABLE_STRICT_OBJC_MSGSEND = YES;
				GCC_C_LANGUAGE_STANDARD = gnu99;
				GCC_DYNAMIC_NO_PIC = NO;
				GCC_OPTIMIZATION_LEVEL = 0;
				GCC_PREPROCESSOR_DEFINITIONS = (
					"DEBUG=1",
					"$(inherited)",
				);
				GCC_SYMBOLS_PRIVATE_EXTERN = NO;
				GCC_WARN_64_TO_32_BIT_CONVERSION = YES;
				GCC_WARN_ABOUT_RETURN_TYPE = YES_ERROR;
				GCC_WARN_UNDECLARED_SELECTOR = YES;
				GCC_WARN_UNINITIALIZED_AUTOS = YES_AGGRESSIVE;
				GCC_WARN_UNUSED_FUNCTION = YES;
				GCC_WARN_UNUSED_VARIABLE = YES;
				IPHONEOS_DEPLOYMENT_TARGET = 8.2;
				MTL_ENABLE_DEBUG_INFO = YES;
				ONLY_ACTIVE_ARCH = YES;
				SDKROOT = iphoneos;
				SWIFT_OPTIMIZATION_LEVEL = "-Onone";
				TARGETED_DEVICE_FAMILY = "1,2";
			};
			name = Debug;
		};
		8E6BB21B1ACB67E100CFD0C0 /* Release */ = {
			isa = XCBuildConfiguration;
			buildSettings = {
				ALWAYS_SEARCH_USER_PATHS = NO;
				CLANG_CXX_LANGUAGE_STANDARD = "gnu++0x";
				CLANG_CXX_LIBRARY = "libc++";
				CLANG_ENABLE_MODULES = YES;
				CLANG_ENABLE_OBJC_ARC = YES;
				CLANG_WARN_BOOL_CONVERSION = YES;
				CLANG_WARN_CONSTANT_CONVERSION = YES;
				CLANG_WARN_DIRECT_OBJC_ISA_USAGE = YES_ERROR;
				CLANG_WARN_EMPTY_BODY = YES;
				CLANG_WARN_ENUM_CONVERSION = YES;
				CLANG_WARN_INT_CONVERSION = YES;
				CLANG_WARN_OBJC_ROOT_CLASS = YES_ERROR;
				CLANG_WARN_UNREACHABLE_CODE = YES;
				CLANG_WARN__DUPLICATE_METHOD_MATCH = YES;
				"CODE_SIGN_IDENTITY[sdk=iphoneos*]" = "iPhone Developer";
				COPY_PHASE_STRIP = NO;
				ENABLE_NS_ASSERTIONS = NO;
				ENABLE_STRICT_OBJC_MSGSEND = YES;
				GCC_C_LANGUAGE_STANDARD = gnu99;
				GCC_WARN_64_TO_32_BIT_CONVERSION = YES;
				GCC_WARN_ABOUT_RETURN_TYPE = YES_ERROR;
				GCC_WARN_UNDECLARED_SELECTOR = YES;
				GCC_WARN_UNINITIALIZED_AUTOS = YES_AGGRESSIVE;
				GCC_WARN_UNUSED_FUNCTION = YES;
				GCC_WARN_UNUSED_VARIABLE = YES;
				IPHONEOS_DEPLOYMENT_TARGET = 8.2;
				MTL_ENABLE_DEBUG_INFO = NO;
				SDKROOT = iphoneos;
				TARGETED_DEVICE_FAMILY = "1,2";
				VALIDATE_PRODUCT = YES;
			};
			name = Release;
		};
		8E6BB21D1ACB67E100CFD0C0 /* Debug */ = {
			isa = XCBuildConfiguration;
			buildSettings = {
				ASSETCATALOG_COMPILER_APPICON_NAME = AppIcon;
				INFOPLIST_FILE = Bundles/Info.plist;
				LD_RUNPATH_SEARCH_PATHS = "$(inherited) @executable_path/Frameworks";
				PRODUCT_NAME = "$(TARGET_NAME)";
			};
			name = Debug;
		};
		8E6BB21E1ACB67E100CFD0C0 /* Release */ = {
			isa = XCBuildConfiguration;
			buildSettings = {
				ASSETCATALOG_COMPILER_APPICON_NAME = AppIcon;
				INFOPLIST_FILE = Bundles/Info.plist;
				LD_RUNPATH_SEARCH_PATHS = "$(inherited) @executable_path/Frameworks";
				PRODUCT_NAME = "$(TARGET_NAME)";
			};
			name = Release;
		};
		8E6BB2201ACB67E100CFD0C0 /* Debug */ = {
			isa = XCBuildConfiguration;
			buildSettings = {
				BUNDLE_LOADER = "$(TEST_HOST)";
				FRAMEWORK_SEARCH_PATHS = (
					"$(SDKROOT)/Developer/Library/Frameworks",
					"$(inherited)",
				);
				GCC_PREPROCESSOR_DEFINITIONS = (
					"DEBUG=1",
					"$(inherited)",
				);
				INFOPLIST_FILE = BundlesTests/Info.plist;
				LD_RUNPATH_SEARCH_PATHS = "$(inherited) @executable_path/Frameworks @loader_path/Frameworks";
				PRODUCT_NAME = "$(TARGET_NAME)";
				TEST_HOST = "$(BUILT_PRODUCTS_DIR)/Bundles.app/Bundles";
			};
			name = Debug;
		};
		8E6BB2211ACB67E100CFD0C0 /* Release */ = {
			isa = XCBuildConfiguration;
			buildSettings = {
				BUNDLE_LOADER = "$(TEST_HOST)";
				FRAMEWORK_SEARCH_PATHS = (
					"$(SDKROOT)/Developer/Library/Frameworks",
					"$(inherited)",
				);
				INFOPLIST_FILE = BundlesTests/Info.plist;
				LD_RUNPATH_SEARCH_PATHS = "$(inherited) @executable_path/Frameworks @loader_path/Frameworks";
				PRODUCT_NAME = "$(TARGET_NAME)";
				TEST_HOST = "$(BUILT_PRODUCTS_DIR)/Bundles.app/Bundles";
			};
			name = Release;
		};
/* End XCBuildConfiguration section */

/* Begin XCConfigurationList section */
		8E6BB1F81ACB67E100CFD0C0 /* Build configuration list for PBXProject "Bundles" */ = {
			isa = XCConfigurationList;
			buildConfigurations = (
				8E6BB21A1ACB67E100CFD0C0 /* Debug */,
				8E6BB21B1ACB67E100CFD0C0 /* Release */,
			);
			defaultConfigurationIsVisible = 0;
			defaultConfigurationName = Release;
		};
		8E6BB21C1ACB67E100CFD0C0 /* Build configuration list for PBXNativeTarget "Bundles" */ = {
			isa = XCConfigurationList;
			buildConfigurations = (
				8E6BB21D1ACB67E100CFD0C0 /* Debug */,
				8E6BB21E1ACB67E100CFD0C0 /* Release */,
			);
			defaultConfigurationIsVisible = 0;
			defaultConfigurationName = Release;
		};
		8E6BB21F1ACB67E100CFD0C0 /* Build configuration list for PBXNativeTarget "BundlesTests" */ = {
			isa = XCConfigurationList;
			buildConfigurations = (
				8E6BB2201ACB67E100CFD0C0 /* Debug */,
				8E6BB2211ACB67E100CFD0C0 /* Release */,
			);
			defaultConfigurationIsVisible = 0;
			defaultConfigurationName = Release;
		};
/* End XCConfigurationList section */
	};
	rootObject = 8E6BB1F51ACB67E100CFD0C0 /* Project object */;
}
