// !$*UTF8*$!
{
	archiveVersion = 1;
	classes = {
	};
	objectVersion = 46;
	objects = {

/* Begin PBXBuildFile section */
		8ECAD5021AAFB6E90035CCE1 /* AppDelegate.swift in Sources */ = {isa = PBXBuildFile; fileRef = 8ECAD5011AAFB6E90035CCE1 /* AppDelegate.swift */; };
		8ECAD5041AAFB6E90035CCE1 /* ViewController.swift in Sources */ = {isa = PBXBuildFile; fileRef = 8ECAD5031AAFB6E90035CCE1 /* ViewController.swift */; };
		8ECAD5071AAFB6E90035CCE1 /* Main.storyboard in Resources */ = {isa = PBXBuildFile; fileRef = 8ECAD5051AAFB6E90035CCE1 /* Main.storyboard */; };
		8ECAD5091AAFB6E90035CCE1 /* Images.xcassets in Resources */ = {isa = PBXBuildFile; fileRef = 8ECAD5081AAFB6E90035CCE1 /* Images.xcassets */; };
		8ECAD50C1AAFB6E90035CCE1 /* LaunchScreen.xib in Resources */ = {isa = PBXBuildFile; fileRef = 8ECAD50A1AAFB6E90035CCE1 /* LaunchScreen.xib */; };
		8ECAD5181AAFB6E90035CCE1 /* UnwindSegueTests.swift in Sources */ = {isa = PBXBuildFile; fileRef = 8ECAD5171AAFB6E90035CCE1 /* UnwindSegueTests.swift */; };
		8ECAD5221AAFB70D0035CCE1 /* RedVC.swift in Sources */ = {isa = PBXBuildFile; fileRef = 8ECAD5211AAFB70D0035CCE1 /* RedVC.swift */; };
		8ECAD5241AAFB71B0035CCE1 /* BlueVC.swift in Sources */ = {isa = PBXBuildFile; fileRef = 8ECAD5231AAFB71B0035CCE1 /* BlueVC.swift */; };
		8ECAD5261AAFB72E0035CCE1 /* GreenVC.swift in Sources */ = {isa = PBXBuildFile; fileRef = 8ECAD5251AAFB72E0035CCE1 /* GreenVC.swift */; };
/* End PBXBuildFile section */

/* Begin PBXContainerItemProxy section */
		8ECAD5121AAFB6E90035CCE1 /* PBXContainerItemProxy */ = {
			isa = PBXContainerItemProxy;
			containerPortal = 8ECAD4F41AAFB6E90035CCE1 /* Project object */;
			proxyType = 1;
			remoteGlobalIDString = 8ECAD4FB1AAFB6E90035CCE1;
			remoteInfo = UnwindSegue;
		};
/* End PBXContainerItemProxy section */

/* Begin PBXFileReference section */
		8ECAD4FC1AAFB6E90035CCE1 /* UnwindSegue.app */ = {isa = PBXFileReference; explicitFileType = wrapper.application; includeInIndex = 0; path = UnwindSegue.app; sourceTree = BUILT_PRODUCTS_DIR; };
		8ECAD5001AAFB6E90035CCE1 /* Info.plist */ = {isa = PBXFileReference; lastKnownFileType = text.plist.xml; path = Info.plist; sourceTree = "<group>"; };
		8ECAD5011AAFB6E90035CCE1 /* AppDelegate.swift */ = {isa = PBXFileReference; lastKnownFileType = sourcecode.swift; path = AppDelegate.swift; sourceTree = "<group>"; };
		8ECAD5031AAFB6E90035CCE1 /* ViewController.swift */ = {isa = PBXFileReference; lastKnownFileType = sourcecode.swift; path = ViewController.swift; sourceTree = "<group>"; };
		8ECAD5061AAFB6E90035CCE1 /* Base */ = {isa = PBXFileReference; lastKnownFileType = file.storyboard; name = Base; path = Base.lproj/Main.storyboard; sourceTree = "<group>"; };
		8ECAD5081AAFB6E90035CCE1 /* Images.xcassets */ = {isa = PBXFileReference; lastKnownFileType = folder.assetcatalog; path = Images.xcassets; sourceTree = "<group>"; };
		8ECAD50B1AAFB6E90035CCE1 /* Base */ = {isa = PBXFileReference; lastKnownFileType = file.xib; name = Base; path = Base.lproj/LaunchScreen.xib; sourceTree = "<group>"; };
		8ECAD5111AAFB6E90035CCE1 /* UnwindSegueTests.xctest */ = {isa = PBXFileReference; explicitFileType = wrapper.cfbundle; includeInIndex = 0; path = UnwindSegueTests.xctest; sourceTree = BUILT_PRODUCTS_DIR; };
		8ECAD5161AAFB6E90035CCE1 /* Info.plist */ = {isa = PBXFileReference; lastKnownFileType = text.plist.xml; path = Info.plist; sourceTree = "<group>"; };
		8ECAD5171AAFB6E90035CCE1 /* UnwindSegueTests.swift */ = {isa = PBXFileReference; lastKnownFileType = sourcecode.swift; path = UnwindSegueTests.swift; sourceTree = "<group>"; };
		8ECAD5211AAFB70D0035CCE1 /* RedVC.swift */ = {isa = PBXFileReference; fileEncoding = 4; lastKnownFileType = sourcecode.swift; path = RedVC.swift; sourceTree = "<group>"; };
		8ECAD5231AAFB71B0035CCE1 /* BlueVC.swift */ = {isa = PBXFileReference; fileEncoding = 4; lastKnownFileType = sourcecode.swift; path = BlueVC.swift; sourceTree = "<group>"; };
		8ECAD5251AAFB72E0035CCE1 /* GreenVC.swift */ = {isa = PBXFileReference; fileEncoding = 4; lastKnownFileType = sourcecode.swift; path = GreenVC.swift; sourceTree = "<group>"; };
/* End PBXFileReference section */

/* Begin PBXFrameworksBuildPhase section */
		8ECAD4F91AAFB6E90035CCE1 /* Frameworks */ = {
			isa = PBXFrameworksBuildPhase;
			buildActionMask = 2147483647;
			files = (
			);
			runOnlyForDeploymentPostprocessing = 0;
		};
		8ECAD50E1AAFB6E90035CCE1 /* Frameworks */ = {
			isa = PBXFrameworksBuildPhase;
			buildActionMask = 2147483647;
			files = (
			);
			runOnlyForDeploymentPostprocessing = 0;
		};
/* End PBXFrameworksBuildPhase section */

/* Begin PBXGroup section */
		8ECAD4F31AAFB6E90035CCE1 = {
			isa = PBXGroup;
			children = (
				8ECAD4FE1AAFB6E90035CCE1 /* UnwindSegue */,
				8ECAD5141AAFB6E90035CCE1 /* UnwindSegueTests */,
				8ECAD4FD1AAFB6E90035CCE1 /* Products */,
			);
			sourceTree = "<group>";
		};
		8ECAD4FD1AAFB6E90035CCE1 /* Products */ = {
			isa = PBXGroup;
			children = (
				8ECAD4FC1AAFB6E90035CCE1 /* UnwindSegue.app */,
				8ECAD5111AAFB6E90035CCE1 /* UnwindSegueTests.xctest */,
			);
			name = Products;
			sourceTree = "<group>";
		};
		8ECAD4FE1AAFB6E90035CCE1 /* UnwindSegue */ = {
			isa = PBXGroup;
			children = (
				8ECAD5011AAFB6E90035CCE1 /* AppDelegate.swift */,
				8ECAD5031AAFB6E90035CCE1 /* ViewController.swift */,
				8ECAD5051AAFB6E90035CCE1 /* Main.storyboard */,
				8ECAD5081AAFB6E90035CCE1 /* Images.xcassets */,
				8ECAD50A1AAFB6E90035CCE1 /* LaunchScreen.xib */,
				8ECAD4FF1AAFB6E90035CCE1 /* Supporting Files */,
				8ECAD5211AAFB70D0035CCE1 /* RedVC.swift */,
				8ECAD5231AAFB71B0035CCE1 /* BlueVC.swift */,
				8ECAD5251AAFB72E0035CCE1 /* GreenVC.swift */,
			);
			path = UnwindSegue;
			sourceTree = "<group>";
		};
		8ECAD4FF1AAFB6E90035CCE1 /* Supporting Files */ = {
			isa = PBXGroup;
			children = (
				8ECAD5001AAFB6E90035CCE1 /* Info.plist */,
			);
			name = "Supporting Files";
			sourceTree = "<group>";
		};
		8ECAD5141AAFB6E90035CCE1 /* UnwindSegueTests */ = {
			isa = PBXGroup;
			children = (
				8ECAD5171AAFB6E90035CCE1 /* UnwindSegueTests.swift */,
				8ECAD5151AAFB6E90035CCE1 /* Supporting Files */,
			);
			path = UnwindSegueTests;
			sourceTree = "<group>";
		};
		8ECAD5151AAFB6E90035CCE1 /* Supporting Files */ = {
			isa = PBXGroup;
			children = (
				8ECAD5161AAFB6E90035CCE1 /* Info.plist */,
			);
			name = "Supporting Files";
			sourceTree = "<group>";
		};
/* End PBXGroup section */

/* Begin PBXNativeTarget section */
		8ECAD4FB1AAFB6E90035CCE1 /* UnwindSegue */ = {
			isa = PBXNativeTarget;
			buildConfigurationList = 8ECAD51B1AAFB6E90035CCE1 /* Build configuration list for PBXNativeTarget "UnwindSegue" */;
			buildPhases = (
				8ECAD4F81AAFB6E90035CCE1 /* Sources */,
				8ECAD4F91AAFB6E90035CCE1 /* Frameworks */,
				8ECAD4FA1AAFB6E90035CCE1 /* Resources */,
			);
			buildRules = (
			);
			dependencies = (
			);
			name = UnwindSegue;
			productName = UnwindSegue;
			productReference = 8ECAD4FC1AAFB6E90035CCE1 /* UnwindSegue.app */;
			productType = "com.apple.product-type.application";
		};
		8ECAD5101AAFB6E90035CCE1 /* UnwindSegueTests */ = {
			isa = PBXNativeTarget;
			buildConfigurationList = 8ECAD51E1AAFB6E90035CCE1 /* Build configuration list for PBXNativeTarget "UnwindSegueTests" */;
			buildPhases = (
				8ECAD50D1AAFB6E90035CCE1 /* Sources */,
				8ECAD50E1AAFB6E90035CCE1 /* Frameworks */,
				8ECAD50F1AAFB6E90035CCE1 /* Resources */,
			);
			buildRules = (
			);
			dependencies = (
				8ECAD5131AAFB6E90035CCE1 /* PBXTargetDependency */,
			);
			name = UnwindSegueTests;
			productName = UnwindSegueTests;
			productReference = 8ECAD5111AAFB6E90035CCE1 /* UnwindSegueTests.xctest */;
			productType = "com.apple.product-type.bundle.unit-test";
		};
/* End PBXNativeTarget section */

/* Begin PBXProject section */
		8ECAD4F41AAFB6E90035CCE1 /* Project object */ = {
			isa = PBXProject;
			attributes = {
				LastUpgradeCheck = 0610;
				ORGANIZATIONNAME = Spryn;
				TargetAttributes = {
					8ECAD4FB1AAFB6E90035CCE1 = {
						CreatedOnToolsVersion = 6.1.1;
					};
					8ECAD5101AAFB6E90035CCE1 = {
						CreatedOnToolsVersion = 6.1.1;
						TestTargetID = 8ECAD4FB1AAFB6E90035CCE1;
					};
				};
			};
			buildConfigurationList = 8ECAD4F71AAFB6E90035CCE1 /* Build configuration list for PBXProject "UnwindSegue" */;
			compatibilityVersion = "Xcode 3.2";
			developmentRegion = English;
			hasScannedForEncodings = 0;
			knownRegions = (
				en,
				Base,
			);
			mainGroup = 8ECAD4F31AAFB6E90035CCE1;
			productRefGroup = 8ECAD4FD1AAFB6E90035CCE1 /* Products */;
			projectDirPath = "";
			projectRoot = "";
			targets = (
				8ECAD4FB1AAFB6E90035CCE1 /* UnwindSegue */,
				8ECAD5101AAFB6E90035CCE1 /* UnwindSegueTests */,
			);
		};
/* End PBXProject section */

/* Begin PBXResourcesBuildPhase section */
		8ECAD4FA1AAFB6E90035CCE1 /* Resources */ = {
			isa = PBXResourcesBuildPhase;
			buildActionMask = 2147483647;
			files = (
				8ECAD5071AAFB6E90035CCE1 /* Main.storyboard in Resources */,
				8ECAD50C1AAFB6E90035CCE1 /* LaunchScreen.xib in Resources */,
				8ECAD5091AAFB6E90035CCE1 /* Images.xcassets in Resources */,
			);
			runOnlyForDeploymentPostprocessing = 0;
		};
		8ECAD50F1AAFB6E90035CCE1 /* Resources */ = {
			isa = PBXResourcesBuildPhase;
			buildActionMask = 2147483647;
			files = (
			);
			runOnlyForDeploymentPostprocessing = 0;
		};
/* End PBXResourcesBuildPhase section */

/* Begin PBXSourcesBuildPhase section */
		8ECAD4F81AAFB6E90035CCE1 /* Sources */ = {
			isa = PBXSourcesBuildPhase;
			buildActionMask = 2147483647;
			files = (
				8ECAD5261AAFB72E0035CCE1 /* GreenVC.swift in Sources */,
				8ECAD5241AAFB71B0035CCE1 /* BlueVC.swift in Sources */,
				8ECAD5041AAFB6E90035CCE1 /* ViewController.swift in Sources */,
				8ECAD5221AAFB70D0035CCE1 /* RedVC.swift in Sources */,
				8ECAD5021AAFB6E90035CCE1 /* AppDelegate.swift in Sources */,
			);
			runOnlyForDeploymentPostprocessing = 0;
		};
		8ECAD50D1AAFB6E90035CCE1 /* Sources */ = {
			isa = PBXSourcesBuildPhase;
			buildActionMask = 2147483647;
			files = (
				8ECAD5181AAFB6E90035CCE1 /* UnwindSegueTests.swift in Sources */,
			);
			runOnlyForDeploymentPostprocessing = 0;
		};
/* End PBXSourcesBuildPhase section */

/* Begin PBXTargetDependency section */
		8ECAD5131AAFB6E90035CCE1 /* PBXTargetDependency */ = {
			isa = PBXTargetDependency;
			target = 8ECAD4FB1AAFB6E90035CCE1 /* UnwindSegue */;
			targetProxy = 8ECAD5121AAFB6E90035CCE1 /* PBXContainerItemProxy */;
		};
/* End PBXTargetDependency section */

/* Begin PBXVariantGroup section */
		8ECAD5051AAFB6E90035CCE1 /* Main.storyboard */ = {
			isa = PBXVariantGroup;
			children = (
				8ECAD5061AAFB6E90035CCE1 /* Base */,
			);
			name = Main.storyboard;
			sourceTree = "<group>";
		};
		8ECAD50A1AAFB6E90035CCE1 /* LaunchScreen.xib */ = {
			isa = PBXVariantGroup;
			children = (
				8ECAD50B1AAFB6E90035CCE1 /* Base */,
			);
			name = LaunchScreen.xib;
			sourceTree = "<group>";
		};
/* End PBXVariantGroup section */

/* Begin XCBuildConfiguration section */
		8ECAD5191AAFB6E90035CCE1 /* Debug */ = {
			isa = XCBuildConfiguration;
			buildSettings = {
				ALWAYS_SEARCH_USER_PATHS = NO;
				CLANG_CXX_LANGUAGE_STANDARD = "gnu++0x";
				CLANG_CXX_LIBRARY = "libc++";
				CLANG_ENABLE_MODULES = YES;
				CLANG_ENABLE_OBJC_ARC = YES;
				CLANG_WARN_BOOL_CONVERSION = YES;
				CLANG_WARN_CONSTANT_CONVERSION = YES;
				CLANG_WARN_DIRECT_OBJC_ISA_USAGE = YES_ERROR;
				CLANG_WARN_EMPTY_BODY = YES;
				CLANG_WARN_ENUM_CONVERSION = YES;
				CLANG_WARN_INT_CONVERSION = YES;
				CLANG_WARN_OBJC_ROOT_CLASS = YES_ERROR;
				CLANG_WARN_UNREACHABLE_CODE = YES;
				CLANG_WARN__DUPLICATE_METHOD_MATCH = YES;
				"CODE_SIGN_IDENTITY[sdk=iphoneos*]" = "iPhone Developer";
				COPY_PHASE_STRIP = NO;
				ENABLE_STRICT_OBJC_MSGSEND = YES;
				GCC_C_LANGUAGE_STANDARD = gnu99;
				GCC_DYNAMIC_NO_PIC = NO;
				GCC_OPTIMIZATION_LEVEL = 0;
				GCC_PREPROCESSOR_DEFINITIONS = (
					"DEBUG=1",
					"$(inherited)",
				);
				GCC_SYMBOLS_PRIVATE_EXTERN = NO;
				GCC_WARN_64_TO_32_BIT_CONVERSION = YES;
				GCC_WARN_ABOUT_RETURN_TYPE = YES_ERROR;
				GCC_WARN_UNDECLARED_SELECTOR = YES;
				GCC_WARN_UNINITIALIZED_AUTOS = YES_AGGRESSIVE;
				GCC_WARN_UNUSED_FUNCTION = YES;
				GCC_WARN_UNUSED_VARIABLE = YES;
				IPHONEOS_DEPLOYMENT_TARGET = 8.1;
				MTL_ENABLE_DEBUG_INFO = YES;
				ONLY_ACTIVE_ARCH = YES;
				SDKROOT = iphoneos;
				SWIFT_OPTIMIZATION_LEVEL = "-Onone";
				TARGETED_DEVICE_FAMILY = "1,2";
			};
			name = Debug;
		};
		8ECAD51A1AAFB6E90035CCE1 /* Release */ = {
			isa = XCBuildConfiguration;
			buildSettings = {
				ALWAYS_SEARCH_USER_PATHS = NO;
				CLANG_CXX_LANGUAGE_STANDARD = "gnu++0x";
				CLANG_CXX_LIBRARY = "libc++";
				CLANG_ENABLE_MODULES = YES;
				CLANG_ENABLE_OBJC_ARC = YES;
				CLANG_WARN_BOOL_CONVERSION = YES;
				CLANG_WARN_CONSTANT_CONVERSION = YES;
				CLANG_WARN_DIRECT_OBJC_ISA_USAGE = YES_ERROR;
				CLANG_WARN_EMPTY_BODY = YES;
				CLANG_WARN_ENUM_CONVERSION = YES;
				CLANG_WARN_INT_CONVERSION = YES;
				CLANG_WARN_OBJC_ROOT_CLASS = YES_ERROR;
				CLANG_WARN_UNREACHABLE_CODE = YES;
				CLANG_WARN__DUPLICATE_METHOD_MATCH = YES;
				"CODE_SIGN_IDENTITY[sdk=iphoneos*]" = "iPhone Developer";
				COPY_PHASE_STRIP = YES;
				ENABLE_NS_ASSERTIONS = NO;
				ENABLE_STRICT_OBJC_MSGSEND = YES;
				GCC_C_LANGUAGE_STANDARD = gnu99;
				GCC_WARN_64_TO_32_BIT_CONVERSION = YES;
				GCC_WARN_ABOUT_RETURN_TYPE = YES_ERROR;
				GCC_WARN_UNDECLARED_SELECTOR = YES;
				GCC_WARN_UNINITIALIZED_AUTOS = YES_AGGRESSIVE;
				GCC_WARN_UNUSED_FUNCTION = YES;
				GCC_WARN_UNUSED_VARIABLE = YES;
				IPHONEOS_DEPLOYMENT_TARGET = 8.1;
				MTL_ENABLE_DEBUG_INFO = NO;
				SDKROOT = iphoneos;
				TARGETED_DEVICE_FAMILY = "1,2";
				VALIDATE_PRODUCT = YES;
			};
			name = Release;
		};
		8ECAD51C1AAFB6E90035CCE1 /* Debug */ = {
			isa = XCBuildConfiguration;
			buildSettings = {
				ASSETCATALOG_COMPILER_APPICON_NAME = AppIcon;
				INFOPLIST_FILE = UnwindSegue/Info.plist;
				LD_RUNPATH_SEARCH_PATHS = "$(inherited) @executable_path/Frameworks";
				PRODUCT_NAME = "$(TARGET_NAME)";
			};
			name = Debug;
		};
		8ECAD51D1AAFB6E90035CCE1 /* Release */ = {
			isa = XCBuildConfiguration;
			buildSettings = {
				ASSETCATALOG_COMPILER_APPICON_NAME = AppIcon;
				INFOPLIST_FILE = UnwindSegue/Info.plist;
				LD_RUNPATH_SEARCH_PATHS = "$(inherited) @executable_path/Frameworks";
				PRODUCT_NAME = "$(TARGET_NAME)";
			};
			name = Release;
		};
		8ECAD51F1AAFB6E90035CCE1 /* Debug */ = {
			isa = XCBuildConfiguration;
			buildSettings = {
				BUNDLE_LOADER = "$(TEST_HOST)";
				FRAMEWORK_SEARCH_PATHS = (
					"$(SDKROOT)/Developer/Library/Frameworks",
					"$(inherited)",
				);
				GCC_PREPROCESSOR_DEFINITIONS = (
					"DEBUG=1",
					"$(inherited)",
				);
				INFOPLIST_FILE = UnwindSegueTests/Info.plist;
				LD_RUNPATH_SEARCH_PATHS = "$(inherited) @executable_path/Frameworks @loader_path/Frameworks";
				PRODUCT_NAME = "$(TARGET_NAME)";
				TEST_HOST = "$(BUILT_PRODUCTS_DIR)/UnwindSegue.app/UnwindSegue";
			};
			name = Debug;
		};
		8ECAD5201AAFB6E90035CCE1 /* Release */ = {
			isa = XCBuildConfiguration;
			buildSettings = {
				BUNDLE_LOADER = "$(TEST_HOST)";
				FRAMEWORK_SEARCH_PATHS = (
					"$(SDKROOT)/Developer/Library/Frameworks",
					"$(inherited)",
				);
				INFOPLIST_FILE = UnwindSegueTests/Info.plist;
				LD_RUNPATH_SEARCH_PATHS = "$(inherited) @executable_path/Frameworks @loader_path/Frameworks";
				PRODUCT_NAME = "$(TARGET_NAME)";
				TEST_HOST = "$(BUILT_PRODUCTS_DIR)/UnwindSegue.app/UnwindSegue";
			};
			name = Release;
		};
/* End XCBuildConfiguration section */

/* Begin XCConfigurationList section */
		8ECAD4F71AAFB6E90035CCE1 /* Build configuration list for PBXProject "UnwindSegue" */ = {
			isa = XCConfigurationList;
			buildConfigurations = (
				8ECAD5191AAFB6E90035CCE1 /* Debug */,
				8ECAD51A1AAFB6E90035CCE1 /* Release */,
			);
			defaultConfigurationIsVisible = 0;
			defaultConfigurationName = Release;
		};
		8ECAD51B1AAFB6E90035CCE1 /* Build configuration list for PBXNativeTarget "UnwindSegue" */ = {
			isa = XCConfigurationList;
			buildConfigurations = (
				8ECAD51C1AAFB6E90035CCE1 /* Debug */,
				8ECAD51D1AAFB6E90035CCE1 /* Release */,
			);
			defaultConfigurationIsVisible = 0;
		};
		8ECAD51E1AAFB6E90035CCE1 /* Build configuration list for PBXNativeTarget "UnwindSegueTests" */ = {
			isa = XCConfigurationList;
			buildConfigurations = (
				8ECAD51F1AAFB6E90035CCE1 /* Debug */,
				8ECAD5201AAFB6E90035CCE1 /* Release */,
			);
			defaultConfigurationIsVisible = 0;
		};
/* End XCConfigurationList section */
	};
	rootObject = 8ECAD4F41AAFB6E90035CCE1 /* Project object */;
}
