// !$*UTF8*$!
{
	archiveVersion = 1;
	classes = {
	};
	objectVersion = 46;
	objects = {

/* Begin PBXBuildFile section */
		8E039FF21A9932C9008AA727 /* IAdjust.swift in Sources */ = {isa = PBXBuildFile; fileRef = 8E039FF11A9932C9008AA727 /* IAdjust.swift */; };
		8E68045A1A98FA1000501BCE /* AppDelegate.swift in Sources */ = {isa = PBXBuildFile; fileRef = 8E6804591A98FA1000501BCE /* AppDelegate.swift */; };
		8E68045C1A98FA1000501BCE /* ViewController.swift in Sources */ = {isa = PBXBuildFile; fileRef = 8E68045B1A98FA1000501BCE /* ViewController.swift */; };
		8E68045F1A98FA1000501BCE /* Main.storyboard in Resources */ = {isa = PBXBuildFile; fileRef = 8E68045D1A98FA1000501BCE /* Main.storyboard */; };
		8E6804611A98FA1000501BCE /* Images.xcassets in Resources */ = {isa = PBXBuildFile; fileRef = 8E6804601A98FA1000501BCE /* Images.xcassets */; };
		8E6804641A98FA1000501BCE /* LaunchScreen.xib in Resources */ = {isa = PBXBuildFile; fileRef = 8E6804621A98FA1000501BCE /* LaunchScreen.xib */; };
		8E6804701A98FA1000501BCE /* Program2Tests.swift in Sources */ = {isa = PBXBuildFile; fileRef = 8E68046F1A98FA1000501BCE /* Program2Tests.swift */; };
		8EC99FE11A9917BB00ED8AAA /* SliderController.swift in Sources */ = {isa = PBXBuildFile; fileRef = 8EC99FE01A9917BB00ED8AAA /* SliderController.swift */; };
		8EC99FE31A99193400ED8AAA /* TextController.swift in Sources */ = {isa = PBXBuildFile; fileRef = 8EC99FE21A99193400ED8AAA /* TextController.swift */; };
/* End PBXBuildFile section */

/* Begin PBXContainerItemProxy section */
		8E68046A1A98FA1000501BCE /* PBXContainerItemProxy */ = {
			isa = PBXContainerItemProxy;
			containerPortal = 8E68044C1A98FA1000501BCE /* Project object */;
			proxyType = 1;
			remoteGlobalIDString = 8E6804531A98FA1000501BCE;
			remoteInfo = Program2;
		};
/* End PBXContainerItemProxy section */

/* Begin PBXFileReference section */
		8E039FF11A9932C9008AA727 /* IAdjust.swift */ = {isa = PBXFileReference; fileEncoding = 4; lastKnownFileType = sourcecode.swift; path = IAdjust.swift; sourceTree = "<group>"; };
		8E6804541A98FA1000501BCE /* Program2.app */ = {isa = PBXFileReference; explicitFileType = wrapper.application; includeInIndex = 0; path = Program2.app; sourceTree = BUILT_PRODUCTS_DIR; };
		8E6804581A98FA1000501BCE /* Info.plist */ = {isa = PBXFileReference; lastKnownFileType = text.plist.xml; path = Info.plist; sourceTree = "<group>"; };
		8E6804591A98FA1000501BCE /* AppDelegate.swift */ = {isa = PBXFileReference; lastKnownFileType = sourcecode.swift; path = AppDelegate.swift; sourceTree = "<group>"; };
		8E68045B1A98FA1000501BCE /* ViewController.swift */ = {isa = PBXFileReference; lastKnownFileType = sourcecode.swift; path = ViewController.swift; sourceTree = "<group>"; };
		8E68045E1A98FA1000501BCE /* Base */ = {isa = PBXFileReference; lastKnownFileType = file.storyboard; name = Base; path = Base.lproj/Main.storyboard; sourceTree = "<group>"; };
		8E6804601A98FA1000501BCE /* Images.xcassets */ = {isa = PBXFileReference; lastKnownFileType = folder.assetcatalog; path = Images.xcassets; sourceTree = "<group>"; };
		8E6804631A98FA1000501BCE /* Base */ = {isa = PBXFileReference; lastKnownFileType = file.xib; name = Base; path = Base.lproj/LaunchScreen.xib; sourceTree = "<group>"; };
		8E6804691A98FA1000501BCE /* Program2Tests.xctest */ = {isa = PBXFileReference; explicitFileType = wrapper.cfbundle; includeInIndex = 0; path = Program2Tests.xctest; sourceTree = BUILT_PRODUCTS_DIR; };
		8E68046E1A98FA1000501BCE /* Info.plist */ = {isa = PBXFileReference; lastKnownFileType = text.plist.xml; path = Info.plist; sourceTree = "<group>"; };
		8E68046F1A98FA1000501BCE /* Program2Tests.swift */ = {isa = PBXFileReference; lastKnownFileType = sourcecode.swift; path = Program2Tests.swift; sourceTree = "<group>"; };
		8EC99FE01A9917BB00ED8AAA /* SliderController.swift */ = {isa = PBXFileReference; fileEncoding = 4; lastKnownFileType = sourcecode.swift; path = SliderController.swift; sourceTree = "<group>"; };
		8EC99FE21A99193400ED8AAA /* TextController.swift */ = {isa = PBXFileReference; fileEncoding = 4; lastKnownFileType = sourcecode.swift; path = TextController.swift; sourceTree = "<group>"; };
/* End PBXFileReference section */

/* Begin PBXFrameworksBuildPhase section */
		8E6804511A98FA1000501BCE /* Frameworks */ = {
			isa = PBXFrameworksBuildPhase;
			buildActionMask = 2147483647;
			files = (
			);
			runOnlyForDeploymentPostprocessing = 0;
		};
		8E6804661A98FA1000501BCE /* Frameworks */ = {
			isa = PBXFrameworksBuildPhase;
			buildActionMask = 2147483647;
			files = (
			);
			runOnlyForDeploymentPostprocessing = 0;
		};
/* End PBXFrameworksBuildPhase section */

/* Begin PBXGroup section */
		8E68044B1A98FA1000501BCE = {
			isa = PBXGroup;
			children = (
				8E6804561A98FA1000501BCE /* Program2 */,
				8E68046C1A98FA1000501BCE /* Program2Tests */,
				8E6804551A98FA1000501BCE /* Products */,
			);
			sourceTree = "<group>";
		};
		8E6804551A98FA1000501BCE /* Products */ = {
			isa = PBXGroup;
			children = (
				8E6804541A98FA1000501BCE /* Program2.app */,
				8E6804691A98FA1000501BCE /* Program2Tests.xctest */,
			);
			name = Products;
			sourceTree = "<group>";
		};
		8E6804561A98FA1000501BCE /* Program2 */ = {
			isa = PBXGroup;
			children = (
				8E6804591A98FA1000501BCE /* AppDelegate.swift */,
				8E68045B1A98FA1000501BCE /* ViewController.swift */,
				8E68045D1A98FA1000501BCE /* Main.storyboard */,
				8E6804601A98FA1000501BCE /* Images.xcassets */,
				8E6804621A98FA1000501BCE /* LaunchScreen.xib */,
				8E6804571A98FA1000501BCE /* Supporting Files */,
				8EC99FE01A9917BB00ED8AAA /* SliderController.swift */,
				8EC99FE21A99193400ED8AAA /* TextController.swift */,
				8E039FF11A9932C9008AA727 /* IAdjust.swift */,
			);
			path = Program2;
			sourceTree = "<group>";
		};
		8E6804571A98FA1000501BCE /* Supporting Files */ = {
			isa = PBXGroup;
			children = (
				8E6804581A98FA1000501BCE /* Info.plist */,
			);
			name = "Supporting Files";
			sourceTree = "<group>";
		};
		8E68046C1A98FA1000501BCE /* Program2Tests */ = {
			isa = PBXGroup;
			children = (
				8E68046F1A98FA1000501BCE /* Program2Tests.swift */,
				8E68046D1A98FA1000501BCE /* Supporting Files */,
			);
			path = Program2Tests;
			sourceTree = "<group>";
		};
		8E68046D1A98FA1000501BCE /* Supporting Files */ = {
			isa = PBXGroup;
			children = (
				8E68046E1A98FA1000501BCE /* Info.plist */,
			);
			name = "Supporting Files";
			sourceTree = "<group>";
		};
/* End PBXGroup section */

/* Begin PBXNativeTarget section */
		8E6804531A98FA1000501BCE /* Program2 */ = {
			isa = PBXNativeTarget;
			buildConfigurationList = 8E6804731A98FA1000501BCE /* Build configuration list for PBXNativeTarget "Program2" */;
			buildPhases = (
				8E6804501A98FA1000501BCE /* Sources */,
				8E6804511A98FA1000501BCE /* Frameworks */,
				8E6804521A98FA1000501BCE /* Resources */,
			);
			buildRules = (
			);
			dependencies = (
			);
			name = Program2;
			productName = Program2;
			productReference = 8E6804541A98FA1000501BCE /* Program2.app */;
			productType = "com.apple.product-type.application";
		};
		8E6804681A98FA1000501BCE /* Program2Tests */ = {
			isa = PBXNativeTarget;
			buildConfigurationList = 8E6804761A98FA1000501BCE /* Build configuration list for PBXNativeTarget "Program2Tests" */;
			buildPhases = (
				8E6804651A98FA1000501BCE /* Sources */,
				8E6804661A98FA1000501BCE /* Frameworks */,
				8E6804671A98FA1000501BCE /* Resources */,
			);
			buildRules = (
			);
			dependencies = (
				8E68046B1A98FA1000501BCE /* PBXTargetDependency */,
			);
			name = Program2Tests;
			productName = Program2Tests;
			productReference = 8E6804691A98FA1000501BCE /* Program2Tests.xctest */;
			productType = "com.apple.product-type.bundle.unit-test";
		};
/* End PBXNativeTarget section */

/* Begin PBXProject section */
		8E68044C1A98FA1000501BCE /* Project object */ = {
			isa = PBXProject;
			attributes = {
				LastUpgradeCheck = 0610;
				ORGANIZATIONNAME = "Oliver Spryn";
				TargetAttributes = {
					8E6804531A98FA1000501BCE = {
						CreatedOnToolsVersion = 6.1.1;
					};
					8E6804681A98FA1000501BCE = {
						CreatedOnToolsVersion = 6.1.1;
						TestTargetID = 8E6804531A98FA1000501BCE;
					};
				};
			};
			buildConfigurationList = 8E68044F1A98FA1000501BCE /* Build configuration list for PBXProject "Program2" */;
			compatibilityVersion = "Xcode 3.2";
			developmentRegion = English;
			hasScannedForEncodings = 0;
			knownRegions = (
				en,
				Base,
			);
			mainGroup = 8E68044B1A98FA1000501BCE;
			productRefGroup = 8E6804551A98FA1000501BCE /* Products */;
			projectDirPath = "";
			projectRoot = "";
			targets = (
				8E6804531A98FA1000501BCE /* Program2 */,
				8E6804681A98FA1000501BCE /* Program2Tests */,
			);
		};
/* End PBXProject section */

/* Begin PBXResourcesBuildPhase section */
		8E6804521A98FA1000501BCE /* Resources */ = {
			isa = PBXResourcesBuildPhase;
			buildActionMask = 2147483647;
			files = (
				8E68045F1A98FA1000501BCE /* Main.storyboard in Resources */,
				8E6804641A98FA1000501BCE /* LaunchScreen.xib in Resources */,
				8E6804611A98FA1000501BCE /* Images.xcassets in Resources */,
			);
			runOnlyForDeploymentPostprocessing = 0;
		};
		8E6804671A98FA1000501BCE /* Resources */ = {
			isa = PBXResourcesBuildPhase;
			buildActionMask = 2147483647;
			files = (
			);
			runOnlyForDeploymentPostprocessing = 0;
		};
/* End PBXResourcesBuildPhase section */

/* Begin PBXSourcesBuildPhase section */
		8E6804501A98FA1000501BCE /* Sources */ = {
			isa = PBXSourcesBuildPhase;
			buildActionMask = 2147483647;
			files = (
				8E039FF21A9932C9008AA727 /* IAdjust.swift in Sources */,
				8EC99FE31A99193400ED8AAA /* TextController.swift in Sources */,
				8E68045C1A98FA1000501BCE /* ViewController.swift in Sources */,
				8EC99FE11A9917BB00ED8AAA /* SliderController.swift in Sources */,
				8E68045A1A98FA1000501BCE /* AppDelegate.swift in Sources */,
			);
			runOnlyForDeploymentPostprocessing = 0;
		};
		8E6804651A98FA1000501BCE /* Sources */ = {
			isa = PBXSourcesBuildPhase;
			buildActionMask = 2147483647;
			files = (
				8E6804701A98FA1000501BCE /* Program2Tests.swift in Sources */,
			);
			runOnlyForDeploymentPostprocessing = 0;
		};
/* End PBXSourcesBuildPhase section */

/* Begin PBXTargetDependency section */
		8E68046B1A98FA1000501BCE /* PBXTargetDependency */ = {
			isa = PBXTargetDependency;
			target = 8E6804531A98FA1000501BCE /* Program2 */;
			targetProxy = 8E68046A1A98FA1000501BCE /* PBXContainerItemProxy */;
		};
/* End PBXTargetDependency section */

/* Begin PBXVariantGroup section */
		8E68045D1A98FA1000501BCE /* Main.storyboard */ = {
			isa = PBXVariantGroup;
			children = (
				8E68045E1A98FA1000501BCE /* Base */,
			);
			name = Main.storyboard;
			sourceTree = "<group>";
		};
		8E6804621A98FA1000501BCE /* LaunchScreen.xib */ = {
			isa = PBXVariantGroup;
			children = (
				8E6804631A98FA1000501BCE /* Base */,
			);
			name = LaunchScreen.xib;
			sourceTree = "<group>";
		};
/* End PBXVariantGroup section */

/* Begin XCBuildConfiguration section */
		8E6804711A98FA1000501BCE /* Debug */ = {
			isa = XCBuildConfiguration;
			buildSettings = {
				ALWAYS_SEARCH_USER_PATHS = NO;
				CLANG_CXX_LANGUAGE_STANDARD = "gnu++0x";
				CLANG_CXX_LIBRARY = "libc++";
				CLANG_ENABLE_MODULES = YES;
				CLANG_ENABLE_OBJC_ARC = YES;
				CLANG_WARN_BOOL_CONVERSION = YES;
				CLANG_WARN_CONSTANT_CONVERSION = YES;
				CLANG_WARN_DIRECT_OBJC_ISA_USAGE = YES_ERROR;
				CLANG_WARN_EMPTY_BODY = YES;
				CLANG_WARN_ENUM_CONVERSION = YES;
				CLANG_WARN_INT_CONVERSION = YES;
				CLANG_WARN_OBJC_ROOT_CLASS = YES_ERROR;
				CLANG_WARN_UNREACHABLE_CODE = YES;
				CLANG_WARN__DUPLICATE_METHOD_MATCH = YES;
				"CODE_SIGN_IDENTITY[sdk=iphoneos*]" = "iPhone Developer";
				COPY_PHASE_STRIP = NO;
				ENABLE_STRICT_OBJC_MSGSEND = YES;
				GCC_C_LANGUAGE_STANDARD = gnu99;
				GCC_DYNAMIC_NO_PIC = NO;
				GCC_OPTIMIZATION_LEVEL = 0;
				GCC_PREPROCESSOR_DEFINITIONS = (
					"DEBUG=1",
					"$(inherited)",
				);
				GCC_SYMBOLS_PRIVATE_EXTERN = NO;
				GCC_WARN_64_TO_32_BIT_CONVERSION = YES;
				GCC_WARN_ABOUT_RETURN_TYPE = YES_ERROR;
				GCC_WARN_UNDECLARED_SELECTOR = YES;
				GCC_WARN_UNINITIALIZED_AUTOS = YES_AGGRESSIVE;
				GCC_WARN_UNUSED_FUNCTION = YES;
				GCC_WARN_UNUSED_VARIABLE = YES;
				IPHONEOS_DEPLOYMENT_TARGET = 8.1;
				MTL_ENABLE_DEBUG_INFO = YES;
				ONLY_ACTIVE_ARCH = YES;
				SDKROOT = iphoneos;
				SWIFT_OPTIMIZATION_LEVEL = "-Onone";
			};
			name = Debug;
		};
		8E6804721A98FA1000501BCE /* Release */ = {
			isa = XCBuildConfiguration;
			buildSettings = {
				ALWAYS_SEARCH_USER_PATHS = NO;
				CLANG_CXX_LANGUAGE_STANDARD = "gnu++0x";
				CLANG_CXX_LIBRARY = "libc++";
				CLANG_ENABLE_MODULES = YES;
				CLANG_ENABLE_OBJC_ARC = YES;
				CLANG_WARN_BOOL_CONVERSION = YES;
				CLANG_WARN_CONSTANT_CONVERSION = YES;
				CLANG_WARN_DIRECT_OBJC_ISA_USAGE = YES_ERROR;
				CLANG_WARN_EMPTY_BODY = YES;
				CLANG_WARN_ENUM_CONVERSION = YES;
				CLANG_WARN_INT_CONVERSION = YES;
				CLANG_WARN_OBJC_ROOT_CLASS = YES_ERROR;
				CLANG_WARN_UNREACHABLE_CODE = YES;
				CLANG_WARN__DUPLICATE_METHOD_MATCH = YES;
				"CODE_SIGN_IDENTITY[sdk=iphoneos*]" = "iPhone Developer";
				COPY_PHASE_STRIP = YES;
				ENABLE_NS_ASSERTIONS = NO;
				ENABLE_STRICT_OBJC_MSGSEND = YES;
				GCC_C_LANGUAGE_STANDARD = gnu99;
				GCC_WARN_64_TO_32_BIT_CONVERSION = YES;
				GCC_WARN_ABOUT_RETURN_TYPE = YES_ERROR;
				GCC_WARN_UNDECLARED_SELECTOR = YES;
				GCC_WARN_UNINITIALIZED_AUTOS = YES_AGGRESSIVE;
				GCC_WARN_UNUSED_FUNCTION = YES;
				GCC_WARN_UNUSED_VARIABLE = YES;
				IPHONEOS_DEPLOYMENT_TARGET = 8.1;
				MTL_ENABLE_DEBUG_INFO = NO;
				SDKROOT = iphoneos;
				VALIDATE_PRODUCT = YES;
			};
			name = Release;
		};
		8E6804741A98FA1000501BCE /* Debug */ = {
			isa = XCBuildConfiguration;
			buildSettings = {
				ASSETCATALOG_COMPILER_APPICON_NAME = AppIcon;
				INFOPLIST_FILE = Program2/Info.plist;
				LD_RUNPATH_SEARCH_PATHS = "$(inherited) @executable_path/Frameworks";
				PRODUCT_NAME = "$(TARGET_NAME)";
				TARGETED_DEVICE_FAMILY = "1,2";
			};
			name = Debug;
		};
		8E6804751A98FA1000501BCE /* Release */ = {
			isa = XCBuildConfiguration;
			buildSettings = {
				ASSETCATALOG_COMPILER_APPICON_NAME = AppIcon;
				INFOPLIST_FILE = Program2/Info.plist;
				LD_RUNPATH_SEARCH_PATHS = "$(inherited) @executable_path/Frameworks";
				PRODUCT_NAME = "$(TARGET_NAME)";
				TARGETED_DEVICE_FAMILY = "1,2";
			};
			name = Release;
		};
		8E6804771A98FA1000501BCE /* Debug */ = {
			isa = XCBuildConfiguration;
			buildSettings = {
				BUNDLE_LOADER = "$(TEST_HOST)";
				FRAMEWORK_SEARCH_PATHS = (
					"$(SDKROOT)/Developer/Library/Frameworks",
					"$(inherited)",
				);
				GCC_PREPROCESSOR_DEFINITIONS = (
					"DEBUG=1",
					"$(inherited)",
				);
				INFOPLIST_FILE = Program2Tests/Info.plist;
				LD_RUNPATH_SEARCH_PATHS = "$(inherited) @executable_path/Frameworks @loader_path/Frameworks";
				PRODUCT_NAME = "$(TARGET_NAME)";
				TEST_HOST = "$(BUILT_PRODUCTS_DIR)/Program2.app/Program2";
			};
			name = Debug;
		};
		8E6804781A98FA1000501BCE /* Release */ = {
			isa = XCBuildConfiguration;
			buildSettings = {
				BUNDLE_LOADER = "$(TEST_HOST)";
				FRAMEWORK_SEARCH_PATHS = (
					"$(SDKROOT)/Developer/Library/Frameworks",
					"$(inherited)",
				);
				INFOPLIST_FILE = Program2Tests/Info.plist;
				LD_RUNPATH_SEARCH_PATHS = "$(inherited) @executable_path/Frameworks @loader_path/Frameworks";
				PRODUCT_NAME = "$(TARGET_NAME)";
				TEST_HOST = "$(BUILT_PRODUCTS_DIR)/Program2.app/Program2";
			};
			name = Release;
		};
/* End XCBuildConfiguration section */

/* Begin XCConfigurationList section */
		8E68044F1A98FA1000501BCE /* Build configuration list for PBXProject "Program2" */ = {
			isa = XCConfigurationList;
			buildConfigurations = (
				8E6804711A98FA1000501BCE /* Debug */,
				8E6804721A98FA1000501BCE /* Release */,
			);
			defaultConfigurationIsVisible = 0;
			defaultConfigurationName = Release;
		};
		8E6804731A98FA1000501BCE /* Build configuration list for PBXNativeTarget "Program2" */ = {
			isa = XCConfigurationList;
			buildConfigurations = (
				8E6804741A98FA1000501BCE /* Debug */,
				8E6804751A98FA1000501BCE /* Release */,
			);
			defaultConfigurationIsVisible = 0;
			defaultConfigurationName = Release;
		};
		8E6804761A98FA1000501BCE /* Build configuration list for PBXNativeTarget "Program2Tests" */ = {
			isa = XCConfigurationList;
			buildConfigurations = (
				8E6804771A98FA1000501BCE /* Debug */,
				8E6804781A98FA1000501BCE /* Release */,
			);
			defaultConfigurationIsVisible = 0;
			defaultConfigurationName = Release;
		};
/* End XCConfigurationList section */
	};
	rootObject = 8E68044C1A98FA1000501BCE /* Project object */;
}
