// !$*UTF8*$!
{
	archiveVersion = 1;
	classes = {
	};
	objectVersion = 46;
	objects = {

/* Begin PBXBuildFile section */
		8E195E581ADCCE2300E1546F /* AsyncRPC.swift in Sources */ = {isa = PBXBuildFile; fileRef = 8E195E571ADCCE2300E1546F /* AsyncRPC.swift */; };
		8E195E5A1ADCFE4500E1546F /* FetchZIP.swift in Sources */ = {isa = PBXBuildFile; fileRef = 8E195E591ADCFE4500E1546F /* FetchZIP.swift */; };
		8E5B1FED1AF8584800EB5AE2 /* ForecastDay.swift in Sources */ = {isa = PBXBuildFile; fileRef = 8E5B1FEC1AF8584800EB5AE2 /* ForecastDay.swift */; };
		8E5B1FFA1AF86C6100EB5AE2 /* sleet.png in Resources */ = {isa = PBXBuildFile; fileRef = 8E5B1FEF1AF86C6100EB5AE2 /* sleet.png */; };
		8E5B1FFB1AF86C6100EB5AE2 /* partly-cloudy-night.png in Resources */ = {isa = PBXBuildFile; fileRef = 8E5B1FF01AF86C6100EB5AE2 /* partly-cloudy-night.png */; };
		8E5B1FFC1AF86C6100EB5AE2 /* other.png in Resources */ = {isa = PBXBuildFile; fileRef = 8E5B1FF11AF86C6100EB5AE2 /* other.png */; };
		8E5B1FFD1AF86C6100EB5AE2 /* cloudy.png in Resources */ = {isa = PBXBuildFile; fileRef = 8E5B1FF21AF86C6100EB5AE2 /* cloudy.png */; };
		8E5B1FFE1AF86C6100EB5AE2 /* partly-cloudy-day.png in Resources */ = {isa = PBXBuildFile; fileRef = 8E5B1FF31AF86C6100EB5AE2 /* partly-cloudy-day.png */; };
		8E5B1FFF1AF86C6100EB5AE2 /* clear-night.png in Resources */ = {isa = PBXBuildFile; fileRef = 8E5B1FF41AF86C6100EB5AE2 /* clear-night.png */; };
		8E5B20001AF86C6100EB5AE2 /* rain.png in Resources */ = {isa = PBXBuildFile; fileRef = 8E5B1FF51AF86C6100EB5AE2 /* rain.png */; };
		8E5B20011AF86C6100EB5AE2 /* snow.png in Resources */ = {isa = PBXBuildFile; fileRef = 8E5B1FF61AF86C6100EB5AE2 /* snow.png */; };
		8E5B20021AF86C6100EB5AE2 /* fog.png in Resources */ = {isa = PBXBuildFile; fileRef = 8E5B1FF71AF86C6100EB5AE2 /* fog.png */; };
		8E5B20031AF86C6100EB5AE2 /* clear-day.png in Resources */ = {isa = PBXBuildFile; fileRef = 8E5B1FF81AF86C6100EB5AE2 /* clear-day.png */; };
		8E5B20041AF86C6100EB5AE2 /* wind.png in Resources */ = {isa = PBXBuildFile; fileRef = 8E5B1FF91AF86C6100EB5AE2 /* wind.png */; };
		8E5B20061AF90F7A00EB5AE2 /* clock.png in Resources */ = {isa = PBXBuildFile; fileRef = 8E5B20051AF90F7A00EB5AE2 /* clock.png */; };
		8E5B20081AF9102D00EB5AE2 /* credits.txt in Resources */ = {isa = PBXBuildFile; fileRef = 8E5B20071AF9102D00EB5AE2 /* credits.txt */; };
		8E5B200A1AF9109200EB5AE2 /* forecast.png in Resources */ = {isa = PBXBuildFile; fileRef = 8E5B20091AF9109200EB5AE2 /* forecast.png */; };
		8E5B200C1AF9200800EB5AE2 /* IWeatherProtocol.swift in Sources */ = {isa = PBXBuildFile; fileRef = 8E5B200B1AF9200800EB5AE2 /* IWeatherProtocol.swift */; };
		8E5B200E1AF9226800EB5AE2 /* waiting.mp3 in Resources */ = {isa = PBXBuildFile; fileRef = 8E5B200D1AF9226800EB5AE2 /* waiting.mp3 */; };
		8E6BB2661ACE09BA00CFD0C0 /* AppDelegate.swift in Sources */ = {isa = PBXBuildFile; fileRef = 8E6BB2651ACE09BA00CFD0C0 /* AppDelegate.swift */; };
		8E6BB2691ACE09BA00CFD0C0 /* Project2.xcdatamodeld in Sources */ = {isa = PBXBuildFile; fileRef = 8E6BB2671ACE09BA00CFD0C0 /* Project2.xcdatamodeld */; };
		8E6BB26B1ACE09BA00CFD0C0 /* ViewController.swift in Sources */ = {isa = PBXBuildFile; fileRef = 8E6BB26A1ACE09BA00CFD0C0 /* ViewController.swift */; };
		8E6BB26E1ACE09BA00CFD0C0 /* Main.storyboard in Resources */ = {isa = PBXBuildFile; fileRef = 8E6BB26C1ACE09BA00CFD0C0 /* Main.storyboard */; };
		8E6BB2701ACE09BA00CFD0C0 /* Images.xcassets in Resources */ = {isa = PBXBuildFile; fileRef = 8E6BB26F1ACE09BA00CFD0C0 /* Images.xcassets */; };
		8E6BB2731ACE09BA00CFD0C0 /* LaunchScreen.xib in Resources */ = {isa = PBXBuildFile; fileRef = 8E6BB2711ACE09BA00CFD0C0 /* LaunchScreen.xib */; };
		8E6BB27F1ACE09BA00CFD0C0 /* Project2Tests.swift in Sources */ = {isa = PBXBuildFile; fileRef = 8E6BB27E1ACE09BA00CFD0C0 /* Project2Tests.swift */; };
		8E6BB28A1ACE2C7500CFD0C0 /* HomeController.swift in Sources */ = {isa = PBXBuildFile; fileRef = 8E6BB2891ACE2C7500CFD0C0 /* HomeController.swift */; };
		8E7E00001ADF42D900FB77E3 /* ForecastController.swift in Sources */ = {isa = PBXBuildFile; fileRef = 8E7EFFFF1ADF42D900FB77E3 /* ForecastController.swift */; };
		8E7EFFFE1ADF3E3000FB77E3 /* FetchWeather.swift in Sources */ = {isa = PBXBuildFile; fileRef = 8E7EFFFD1ADF3E2F00FB77E3 /* FetchWeather.swift */; };
		8EE56F831ADF590B009C6AD7 /* DocumentFileIO.swift in Sources */ = {isa = PBXBuildFile; fileRef = 8EE56F821ADF590B009C6AD7 /* DocumentFileIO.swift */; };
		8EE56F881AE06503009C6AD7 /* TimedController.swift in Sources */ = {isa = PBXBuildFile; fileRef = 8EE56F871AE06503009C6AD7 /* TimedController.swift */; };
/* End PBXBuildFile section */

/* Begin PBXContainerItemProxy section */
		8E6BB2791ACE09BA00CFD0C0 /* PBXContainerItemProxy */ = {
			isa = PBXContainerItemProxy;
			containerPortal = 8E6BB2581ACE09BA00CFD0C0 /* Project object */;
			proxyType = 1;
			remoteGlobalIDString = 8E6BB25F1ACE09BA00CFD0C0;
			remoteInfo = Project2;
		};
/* End PBXContainerItemProxy section */

/* Begin PBXFileReference section */
		8E195E571ADCCE2300E1546F /* AsyncRPC.swift */ = {isa = PBXFileReference; fileEncoding = 4; lastKnownFileType = sourcecode.swift; path = AsyncRPC.swift; sourceTree = "<group>"; };
		8E195E591ADCFE4500E1546F /* FetchZIP.swift */ = {isa = PBXFileReference; fileEncoding = 4; lastKnownFileType = sourcecode.swift; path = FetchZIP.swift; sourceTree = "<group>"; };
		8E5B1FEC1AF8584800EB5AE2 /* ForecastDay.swift */ = {isa = PBXFileReference; fileEncoding = 4; lastKnownFileType = sourcecode.swift; path = ForecastDay.swift; sourceTree = "<group>"; };
		8E5B1FEF1AF86C6100EB5AE2 /* sleet.png */ = {isa = PBXFileReference; lastKnownFileType = image.png; path = sleet.png; sourceTree = "<group>"; };
		8E5B1FF01AF86C6100EB5AE2 /* partly-cloudy-night.png */ = {isa = PBXFileReference; lastKnownFileType = image.png; path = "partly-cloudy-night.png"; sourceTree = "<group>"; };
		8E5B1FF11AF86C6100EB5AE2 /* other.png */ = {isa = PBXFileReference; lastKnownFileType = image.png; path = other.png; sourceTree = "<group>"; };
		8E5B1FF21AF86C6100EB5AE2 /* cloudy.png */ = {isa = PBXFileReference; lastKnownFileType = image.png; path = cloudy.png; sourceTree = "<group>"; };
		8E5B1FF31AF86C6100EB5AE2 /* partly-cloudy-day.png */ = {isa = PBXFileReference; lastKnownFileType = image.png; path = "partly-cloudy-day.png"; sourceTree = "<group>"; };
		8E5B1FF41AF86C6100EB5AE2 /* clear-night.png */ = {isa = PBXFileReference; lastKnownFileType = image.png; path = "clear-night.png"; sourceTree = "<group>"; };
		8E5B1FF51AF86C6100EB5AE2 /* rain.png */ = {isa = PBXFileReference; lastKnownFileType = image.png; path = rain.png; sourceTree = "<group>"; };
		8E5B1FF61AF86C6100EB5AE2 /* snow.png */ = {isa = PBXFileReference; lastKnownFileType = image.png; path = snow.png; sourceTree = "<group>"; };
		8E5B1FF71AF86C6100EB5AE2 /* fog.png */ = {isa = PBXFileReference; lastKnownFileType = image.png; path = fog.png; sourceTree = "<group>"; };
		8E5B1FF81AF86C6100EB5AE2 /* clear-day.png */ = {isa = PBXFileReference; lastKnownFileType = image.png; path = "clear-day.png"; sourceTree = "<group>"; };
		8E5B1FF91AF86C6100EB5AE2 /* wind.png */ = {isa = PBXFileReference; lastKnownFileType = image.png; path = wind.png; sourceTree = "<group>"; };
		8E5B20051AF90F7A00EB5AE2 /* clock.png */ = {isa = PBXFileReference; lastKnownFileType = image.png; path = clock.png; sourceTree = "<group>"; };
		8E5B20071AF9102D00EB5AE2 /* credits.txt */ = {isa = PBXFileReference; fileEncoding = 4; lastKnownFileType = text; path = credits.txt; sourceTree = "<group>"; };
		8E5B20091AF9109200EB5AE2 /* forecast.png */ = {isa = PBXFileReference; lastKnownFileType = image.png; path = forecast.png; sourceTree = "<group>"; };
		8E5B200B1AF9200800EB5AE2 /* IWeatherProtocol.swift */ = {isa = PBXFileReference; fileEncoding = 4; lastKnownFileType = sourcecode.swift; path = IWeatherProtocol.swift; sourceTree = "<group>"; };
		8E5B200D1AF9226800EB5AE2 /* waiting.mp3 */ = {isa = PBXFileReference; lastKnownFileType = audio.mp3; path = waiting.mp3; sourceTree = "<group>"; };
		8E6BB2601ACE09BA00CFD0C0 /* Motion.app */ = {isa = PBXFileReference; explicitFileType = wrapper.application; includeInIndex = 0; path = Motion.app; sourceTree = BUILT_PRODUCTS_DIR; };
		8E6BB2641ACE09BA00CFD0C0 /* Info.plist */ = {isa = PBXFileReference; lastKnownFileType = text.plist.xml; path = Info.plist; sourceTree = "<group>"; };
		8E6BB2651ACE09BA00CFD0C0 /* AppDelegate.swift */ = {isa = PBXFileReference; lastKnownFileType = sourcecode.swift; path = AppDelegate.swift; sourceTree = "<group>"; };
		8E6BB2681ACE09BA00CFD0C0 /* Project2.xcdatamodel */ = {isa = PBXFileReference; lastKnownFileType = wrapper.xcdatamodel; path = Project2.xcdatamodel; sourceTree = "<group>"; };
		8E6BB26A1ACE09BA00CFD0C0 /* ViewController.swift */ = {isa = PBXFileReference; lastKnownFileType = sourcecode.swift; path = ViewController.swift; sourceTree = "<group>"; };
		8E6BB26D1ACE09BA00CFD0C0 /* Base */ = {isa = PBXFileReference; lastKnownFileType = file.storyboard; name = Base; path = Base.lproj/Main.storyboard; sourceTree = "<group>"; };
		8E6BB26F1ACE09BA00CFD0C0 /* Images.xcassets */ = {isa = PBXFileReference; lastKnownFileType = folder.assetcatalog; path = Images.xcassets; sourceTree = "<group>"; };
		8E6BB2721ACE09BA00CFD0C0 /* Base */ = {isa = PBXFileReference; lastKnownFileType = file.xib; name = Base; path = Base.lproj/LaunchScreen.xib; sourceTree = "<group>"; };
		8E6BB2781ACE09BA00CFD0C0 /* MotionTests.xctest */ = {isa = PBXFileReference; explicitFileType = wrapper.cfbundle; includeInIndex = 0; path = MotionTests.xctest; sourceTree = BUILT_PRODUCTS_DIR; };
		8E6BB27D1ACE09BA00CFD0C0 /* Info.plist */ = {isa = PBXFileReference; lastKnownFileType = text.plist.xml; path = Info.plist; sourceTree = "<group>"; };
		8E6BB27E1ACE09BA00CFD0C0 /* Project2Tests.swift */ = {isa = PBXFileReference; lastKnownFileType = sourcecode.swift; path = Project2Tests.swift; sourceTree = "<group>"; };
		8E6BB2891ACE2C7500CFD0C0 /* HomeController.swift */ = {isa = PBXFileReference; fileEncoding = 4; lastKnownFileType = sourcecode.swift; path = HomeController.swift; sourceTree = "<group>"; };
		8E7EFFFD1ADF3E2F00FB77E3 /* FetchWeather.swift */ = {isa = PBXFileReference; fileEncoding = 4; lastKnownFileType = sourcecode.swift; path = FetchWeather.swift; sourceTree = "<group>"; };
		8E7EFFFF1ADF42D900FB77E3 /* ForecastController.swift */ = {isa = PBXFileReference; fileEncoding = 4; lastKnownFileType = sourcecode.swift; path = ForecastController.swift; sourceTree = "<group>"; };
		8EE56F821ADF590B009C6AD7 /* DocumentFileIO.swift */ = {isa = PBXFileReference; fileEncoding = 4; lastKnownFileType = sourcecode.swift; path = DocumentFileIO.swift; sourceTree = "<group>"; };
		8EE56F871AE06503009C6AD7 /* TimedController.swift */ = {isa = PBXFileReference; fileEncoding = 4; lastKnownFileType = sourcecode.swift; path = TimedController.swift; sourceTree = "<group>"; };
/* End PBXFileReference section */

/* Begin PBXFrameworksBuildPhase section */
		8E6BB25D1ACE09BA00CFD0C0 /* Frameworks */ = {
			isa = PBXFrameworksBuildPhase;
			buildActionMask = 2147483647;
			files = (
			);
			runOnlyForDeploymentPostprocessing = 0;
		};
		8E6BB2751ACE09BA00CFD0C0 /* Frameworks */ = {
			isa = PBXFrameworksBuildPhase;
			buildActionMask = 2147483647;
			files = (
			);
			runOnlyForDeploymentPostprocessing = 0;
		};
/* End PBXFrameworksBuildPhase section */

/* Begin PBXGroup section */
		8E195E561ADCCDFD00E1546F /* Business */ = {
			isa = PBXGroup;
			children = (
				8E195E571ADCCE2300E1546F /* AsyncRPC.swift */,
				8E195E591ADCFE4500E1546F /* FetchZIP.swift */,
				8E7EFFFD1ADF3E2F00FB77E3 /* FetchWeather.swift */,
				8EE56F821ADF590B009C6AD7 /* DocumentFileIO.swift */,
			);
			name = Business;
			sourceTree = "<group>";
		};
		8E5B1FEE1AF86C3800EB5AE2 /* Icons */ = {
			isa = PBXGroup;
			children = (
				8E5B20091AF9109200EB5AE2 /* forecast.png */,
				8E5B20051AF90F7A00EB5AE2 /* clock.png */,
				8E5B1FF81AF86C6100EB5AE2 /* clear-day.png */,
				8E5B1FF41AF86C6100EB5AE2 /* clear-night.png */,
				8E5B1FF21AF86C6100EB5AE2 /* cloudy.png */,
				8E5B1FF71AF86C6100EB5AE2 /* fog.png */,
				8E5B1FF11AF86C6100EB5AE2 /* other.png */,
				8E5B1FF31AF86C6100EB5AE2 /* partly-cloudy-day.png */,
				8E5B1FF01AF86C6100EB5AE2 /* partly-cloudy-night.png */,
				8E5B1FF51AF86C6100EB5AE2 /* rain.png */,
				8E5B1FEF1AF86C6100EB5AE2 /* sleet.png */,
				8E5B1FF61AF86C6100EB5AE2 /* snow.png */,
				8E5B1FF91AF86C6100EB5AE2 /* wind.png */,
			);
			name = Icons;
			sourceTree = "<group>";
		};
		8E6BB2571ACE09BA00CFD0C0 = {
			isa = PBXGroup;
			children = (
				8E6BB2621ACE09BA00CFD0C0 /* Project2 */,
				8E6BB27B1ACE09BA00CFD0C0 /* Project2Tests */,
				8E6BB2611ACE09BA00CFD0C0 /* Products */,
			);
			sourceTree = "<group>";
		};
		8E6BB2611ACE09BA00CFD0C0 /* Products */ = {
			isa = PBXGroup;
			children = (
				8E6BB2601ACE09BA00CFD0C0 /* Motion.app */,
				8E6BB2781ACE09BA00CFD0C0 /* MotionTests.xctest */,
			);
			name = Products;
			sourceTree = "<group>";
		};
		8E6BB2621ACE09BA00CFD0C0 /* Project2 */ = {
			isa = PBXGroup;
			children = (
				8E5B1FEE1AF86C3800EB5AE2 /* Icons */,
				8E195E561ADCCDFD00E1546F /* Business */,
				8E6BB2881ACE2BF600CFD0C0 /* Controller */,
				8E6BB2651ACE09BA00CFD0C0 /* AppDelegate.swift */,
				8E6BB26A1ACE09BA00CFD0C0 /* ViewController.swift */,
				8E6BB26C1ACE09BA00CFD0C0 /* Main.storyboard */,
				8E6BB26F1ACE09BA00CFD0C0 /* Images.xcassets */,
				8E6BB2711ACE09BA00CFD0C0 /* LaunchScreen.xib */,
				8E6BB2671ACE09BA00CFD0C0 /* Project2.xcdatamodeld */,
				8E6BB2631ACE09BA00CFD0C0 /* Supporting Files */,
				8E5B20071AF9102D00EB5AE2 /* credits.txt */,
			);
			path = Project2;
			sourceTree = "<group>";
		};
		8E6BB2631ACE09BA00CFD0C0 /* Supporting Files */ = {
			isa = PBXGroup;
			children = (
				8E5B200D1AF9226800EB5AE2 /* waiting.mp3 */,
				8E6BB2641ACE09BA00CFD0C0 /* Info.plist */,
			);
			name = "Supporting Files";
			sourceTree = "<group>";
		};
		8E6BB27B1ACE09BA00CFD0C0 /* Project2Tests */ = {
			isa = PBXGroup;
			children = (
				8E6BB27E1ACE09BA00CFD0C0 /* Project2Tests.swift */,
				8E6BB27C1ACE09BA00CFD0C0 /* Supporting Files */,
			);
			path = Project2Tests;
			sourceTree = "<group>";
		};
		8E6BB27C1ACE09BA00CFD0C0 /* Supporting Files */ = {
			isa = PBXGroup;
			children = (
				8E6BB27D1ACE09BA00CFD0C0 /* Info.plist */,
			);
			name = "Supporting Files";
			sourceTree = "<group>";
		};
		8E6BB2881ACE2BF600CFD0C0 /* Controller */ = {
			isa = PBXGroup;
			children = (
				8E6BB2891ACE2C7500CFD0C0 /* HomeController.swift */,
				8E7EFFFF1ADF42D900FB77E3 /* ForecastController.swift */,
				8EE56F871AE06503009C6AD7 /* TimedController.swift */,
				8E5B1FEC1AF8584800EB5AE2 /* ForecastDay.swift */,
				8E5B200B1AF9200800EB5AE2 /* IWeatherProtocol.swift */,
			);
			name = Controller;
			sourceTree = "<group>";
		};
/* End PBXGroup section */

/* Begin PBXNativeTarget section */
		8E6BB25F1ACE09BA00CFD0C0 /* Motion */ = {
			isa = PBXNativeTarget;
			buildConfigurationList = 8E6BB2821ACE09BA00CFD0C0 /* Build configuration list for PBXNativeTarget "Motion" */;
			buildPhases = (
				8E6BB25C1ACE09BA00CFD0C0 /* Sources */,
				8E6BB25D1ACE09BA00CFD0C0 /* Frameworks */,
				8E6BB25E1ACE09BA00CFD0C0 /* Resources */,
			);
			buildRules = (
			);
			dependencies = (
			);
			name = Motion;
			productName = Project2;
			productReference = 8E6BB2601ACE09BA00CFD0C0 /* Motion.app */;
			productType = "com.apple.product-type.application";
		};
		8E6BB2771ACE09BA00CFD0C0 /* MotionTests */ = {
			isa = PBXNativeTarget;
			buildConfigurationList = 8E6BB2851ACE09BA00CFD0C0 /* Build configuration list for PBXNativeTarget "MotionTests" */;
			buildPhases = (
				8E6BB2741ACE09BA00CFD0C0 /* Sources */,
				8E6BB2751ACE09BA00CFD0C0 /* Frameworks */,
				8E6BB2761ACE09BA00CFD0C0 /* Resources */,
			);
			buildRules = (
			);
			dependencies = (
				8E6BB27A1ACE09BA00CFD0C0 /* PBXTargetDependency */,
			);
			name = MotionTests;
			productName = Project2Tests;
			productReference = 8E6BB2781ACE09BA00CFD0C0 /* MotionTests.xctest */;
			productType = "com.apple.product-type.bundle.unit-test";
		};
/* End PBXNativeTarget section */

/* Begin PBXProject section */
		8E6BB2581ACE09BA00CFD0C0 /* Project object */ = {
			isa = PBXProject;
			attributes = {
				LastUpgradeCheck = 0620;
				ORGANIZATIONNAME = "Oliver Spryn";
				TargetAttributes = {
					8E6BB25F1ACE09BA00CFD0C0 = {
						CreatedOnToolsVersion = 6.2;
					};
					8E6BB2771ACE09BA00CFD0C0 = {
						CreatedOnToolsVersion = 6.2;
						TestTargetID = 8E6BB25F1ACE09BA00CFD0C0;
					};
				};
			};
			buildConfigurationList = 8E6BB25B1ACE09BA00CFD0C0 /* Build configuration list for PBXProject "Motion" */;
			compatibilityVersion = "Xcode 3.2";
			developmentRegion = English;
			hasScannedForEncodings = 0;
			knownRegions = (
				en,
				Base,
			);
			mainGroup = 8E6BB2571ACE09BA00CFD0C0;
			productRefGroup = 8E6BB2611ACE09BA00CFD0C0 /* Products */;
			projectDirPath = "";
			projectRoot = "";
			targets = (
				8E6BB25F1ACE09BA00CFD0C0 /* Motion */,
				8E6BB2771ACE09BA00CFD0C0 /* MotionTests */,
			);
		};
/* End PBXProject section */

/* Begin PBXResourcesBuildPhase section */
		8E6BB25E1ACE09BA00CFD0C0 /* Resources */ = {
			isa = PBXResourcesBuildPhase;
			buildActionMask = 2147483647;
			files = (
				8E5B20011AF86C6100EB5AE2 /* snow.png in Resources */,
				8E5B1FFD1AF86C6100EB5AE2 /* cloudy.png in Resources */,
				8E5B200A1AF9109200EB5AE2 /* forecast.png in Resources */,
				8E5B20001AF86C6100EB5AE2 /* rain.png in Resources */,
				8E5B1FFE1AF86C6100EB5AE2 /* partly-cloudy-day.png in Resources */,
				8E5B20021AF86C6100EB5AE2 /* fog.png in Resources */,
				8E6BB26E1ACE09BA00CFD0C0 /* Main.storyboard in Resources */,
				8E5B20061AF90F7A00EB5AE2 /* clock.png in Resources */,
				8E5B20081AF9102D00EB5AE2 /* credits.txt in Resources */,
				8E5B1FFA1AF86C6100EB5AE2 /* sleet.png in Resources */,
				8E5B20031AF86C6100EB5AE2 /* clear-day.png in Resources */,
				8E6BB2731ACE09BA00CFD0C0 /* LaunchScreen.xib in Resources */,
				8E5B20041AF86C6100EB5AE2 /* wind.png in Resources */,
				8E5B1FFF1AF86C6100EB5AE2 /* clear-night.png in Resources */,
				8E5B200E1AF9226800EB5AE2 /* waiting.mp3 in Resources */,
				8E6BB2701ACE09BA00CFD0C0 /* Images.xcassets in Resources */,
				8E5B1FFB1AF86C6100EB5AE2 /* partly-cloudy-night.png in Resources */,
				8E5B1FFC1AF86C6100EB5AE2 /* other.png in Resources */,
			);
			runOnlyForDeploymentPostprocessing = 0;
		};
		8E6BB2761ACE09BA00CFD0C0 /* Resources */ = {
			isa = PBXResourcesBuildPhase;
			buildActionMask = 2147483647;
			files = (
			);
			runOnlyForDeploymentPostprocessing = 0;
		};
/* End PBXResourcesBuildPhase section */

/* Begin PBXSourcesBuildPhase section */
		8E6BB25C1ACE09BA00CFD0C0 /* Sources */ = {
			isa = PBXSourcesBuildPhase;
			buildActionMask = 2147483647;
			files = (
				8E6BB28A1ACE2C7500CFD0C0 /* HomeController.swift in Sources */,
				8E6BB26B1ACE09BA00CFD0C0 /* ViewController.swift in Sources */,
				8E195E5A1ADCFE4500E1546F /* FetchZIP.swift in Sources */,
				8E7E00001ADF42D900FB77E3 /* ForecastController.swift in Sources */,
				8E5B200C1AF9200800EB5AE2 /* IWeatherProtocol.swift in Sources */,
				8E7EFFFE1ADF3E3000FB77E3 /* FetchWeather.swift in Sources */,
				8EE56F881AE06503009C6AD7 /* TimedController.swift in Sources */,
				8E6BB2691ACE09BA00CFD0C0 /* Project2.xcdatamodeld in Sources */,
				8E5B1FED1AF8584800EB5AE2 /* ForecastDay.swift in Sources */,
				8E195E581ADCCE2300E1546F /* AsyncRPC.swift in Sources */,
				8E6BB2661ACE09BA00CFD0C0 /* AppDelegate.swift in Sources */,
				8EE56F831ADF590B009C6AD7 /* DocumentFileIO.swift in Sources */,
			);
			runOnlyForDeploymentPostprocessing = 0;
		};
		8E6BB2741ACE09BA00CFD0C0 /* Sources */ = {
			isa = PBXSourcesBuildPhase;
			buildActionMask = 2147483647;
			files = (
				8E6BB27F1ACE09BA00CFD0C0 /* Project2Tests.swift in Sources */,
			);
			runOnlyForDeploymentPostprocessing = 0;
		};
/* End PBXSourcesBuildPhase section */

/* Begin PBXTargetDependency section */
		8E6BB27A1ACE09BA00CFD0C0 /* PBXTargetDependency */ = {
			isa = PBXTargetDependency;
			target = 8E6BB25F1ACE09BA00CFD0C0 /* Motion */;
			targetProxy = 8E6BB2791ACE09BA00CFD0C0 /* PBXContainerItemProxy */;
		};
/* End PBXTargetDependency section */

/* Begin PBXVariantGroup section */
		8E6BB26C1ACE09BA00CFD0C0 /* Main.storyboard */ = {
			isa = PBXVariantGroup;
			children = (
				8E6BB26D1ACE09BA00CFD0C0 /* Base */,
			);
			name = Main.storyboard;
			sourceTree = "<group>";
		};
		8E6BB2711ACE09BA00CFD0C0 /* LaunchScreen.xib */ = {
			isa = PBXVariantGroup;
			children = (
				8E6BB2721ACE09BA00CFD0C0 /* Base */,
			);
			name = LaunchScreen.xib;
			sourceTree = "<group>";
		};
/* End PBXVariantGroup section */

/* Begin XCBuildConfiguration section */
		8E6BB2801ACE09BA00CFD0C0 /* Debug */ = {
			isa = XCBuildConfiguration;
			buildSettings = {
				ALWAYS_SEARCH_USER_PATHS = NO;
				CLANG_CXX_LANGUAGE_STANDARD = "gnu++0x";
				CLANG_CXX_LIBRARY = "libc++";
				CLANG_ENABLE_MODULES = YES;
				CLANG_ENABLE_OBJC_ARC = YES;
				CLANG_WARN_BOOL_CONVERSION = YES;
				CLANG_WARN_CONSTANT_CONVERSION = YES;
				CLANG_WARN_DIRECT_OBJC_ISA_USAGE = YES_ERROR;
				CLANG_WARN_EMPTY_BODY = YES;
				CLANG_WARN_ENUM_CONVERSION = YES;
				CLANG_WARN_INT_CONVERSION = YES;
				CLANG_WARN_OBJC_ROOT_CLASS = YES_ERROR;
				CLANG_WARN_UNREACHABLE_CODE = YES;
				CLANG_WARN__DUPLICATE_METHOD_MATCH = YES;
				"CODE_SIGN_IDENTITY[sdk=iphoneos*]" = "iPhone Developer";
				COPY_PHASE_STRIP = NO;
				ENABLE_STRICT_OBJC_MSGSEND = YES;
				GCC_C_LANGUAGE_STANDARD = gnu99;
				GCC_DYNAMIC_NO_PIC = NO;
				GCC_OPTIMIZATION_LEVEL = 0;
				GCC_PREPROCESSOR_DEFINITIONS = (
					"DEBUG=1",
					"$(inherited)",
				);
				GCC_SYMBOLS_PRIVATE_EXTERN = NO;
				GCC_WARN_64_TO_32_BIT_CONVERSION = YES;
				GCC_WARN_ABOUT_RETURN_TYPE = YES_ERROR;
				GCC_WARN_UNDECLARED_SELECTOR = YES;
				GCC_WARN_UNINITIALIZED_AUTOS = YES_AGGRESSIVE;
				GCC_WARN_UNUSED_FUNCTION = YES;
				GCC_WARN_UNUSED_VARIABLE = YES;
				IPHONEOS_DEPLOYMENT_TARGET = 8.2;
				MTL_ENABLE_DEBUG_INFO = YES;
				ONLY_ACTIVE_ARCH = YES;
				SDKROOT = iphoneos;
				SWIFT_OPTIMIZATION_LEVEL = "-Onone";
				TARGETED_DEVICE_FAMILY = "1,2";
			};
			name = Debug;
		};
		8E6BB2811ACE09BA00CFD0C0 /* Release */ = {
			isa = XCBuildConfiguration;
			buildSettings = {
				ALWAYS_SEARCH_USER_PATHS = NO;
				CLANG_CXX_LANGUAGE_STANDARD = "gnu++0x";
				CLANG_CXX_LIBRARY = "libc++";
				CLANG_ENABLE_MODULES = YES;
				CLANG_ENABLE_OBJC_ARC = YES;
				CLANG_WARN_BOOL_CONVERSION = YES;
				CLANG_WARN_CONSTANT_CONVERSION = YES;
				CLANG_WARN_DIRECT_OBJC_ISA_USAGE = YES_ERROR;
				CLANG_WARN_EMPTY_BODY = YES;
				CLANG_WARN_ENUM_CONVERSION = YES;
				CLANG_WARN_INT_CONVERSION = YES;
				CLANG_WARN_OBJC_ROOT_CLASS = YES_ERROR;
				CLANG_WARN_UNREACHABLE_CODE = YES;
				CLANG_WARN__DUPLICATE_METHOD_MATCH = YES;
				"CODE_SIGN_IDENTITY[sdk=iphoneos*]" = "iPhone Developer";
				COPY_PHASE_STRIP = NO;
				ENABLE_NS_ASSERTIONS = NO;
				ENABLE_STRICT_OBJC_MSGSEND = YES;
				GCC_C_LANGUAGE_STANDARD = gnu99;
				GCC_WARN_64_TO_32_BIT_CONVERSION = YES;
				GCC_WARN_ABOUT_RETURN_TYPE = YES_ERROR;
				GCC_WARN_UNDECLARED_SELECTOR = YES;
				GCC_WARN_UNINITIALIZED_AUTOS = YES_AGGRESSIVE;
				GCC_WARN_UNUSED_FUNCTION = YES;
				GCC_WARN_UNUSED_VARIABLE = YES;
				IPHONEOS_DEPLOYMENT_TARGET = 8.2;
				MTL_ENABLE_DEBUG_INFO = NO;
				SDKROOT = iphoneos;
				TARGETED_DEVICE_FAMILY = "1,2";
				VALIDATE_PRODUCT = YES;
			};
			name = Release;
		};
		8E6BB2831ACE09BA00CFD0C0 /* Debug */ = {
			isa = XCBuildConfiguration;
			buildSettings = {
				ASSETCATALOG_COMPILER_APPICON_NAME = AppIcon;
				INFOPLIST_FILE = Project2/Info.plist;
				LD_RUNPATH_SEARCH_PATHS = "$(inherited) @executable_path/Frameworks";
				PRODUCT_NAME = Motion;
			};
			name = Debug;
		};
		8E6BB2841ACE09BA00CFD0C0 /* Release */ = {
			isa = XCBuildConfiguration;
			buildSettings = {
				ASSETCATALOG_COMPILER_APPICON_NAME = AppIcon;
				INFOPLIST_FILE = Project2/Info.plist;
				LD_RUNPATH_SEARCH_PATHS = "$(inherited) @executable_path/Frameworks";
				PRODUCT_NAME = Motion;
			};
			name = Release;
		};
		8E6BB2861ACE09BA00CFD0C0 /* Debug */ = {
			isa = XCBuildConfiguration;
			buildSettings = {
				BUNDLE_LOADER = "$(TEST_HOST)";
				FRAMEWORK_SEARCH_PATHS = (
					"$(SDKROOT)/Developer/Library/Frameworks",
					"$(inherited)",
				);
				GCC_PREPROCESSOR_DEFINITIONS = (
					"DEBUG=1",
					"$(inherited)",
				);
				INFOPLIST_FILE = Project2Tests/Info.plist;
				LD_RUNPATH_SEARCH_PATHS = "$(inherited) @executable_path/Frameworks @loader_path/Frameworks";
				PRODUCT_NAME = MotionTests;
				TEST_HOST = "$(BUILT_PRODUCTS_DIR)/Project2.app/Project2";
			};
			name = Debug;
		};
		8E6BB2871ACE09BA00CFD0C0 /* Release */ = {
			isa = XCBuildConfiguration;
			buildSettings = {
				BUNDLE_LOADER = "$(TEST_HOST)";
				FRAMEWORK_SEARCH_PATHS = (
					"$(SDKROOT)/Developer/Library/Frameworks",
					"$(inherited)",
				);
				INFOPLIST_FILE = Project2Tests/Info.plist;
				LD_RUNPATH_SEARCH_PATHS = "$(inherited) @executable_path/Frameworks @loader_path/Frameworks";
				PRODUCT_NAME = MotionTests;
				TEST_HOST = "$(BUILT_PRODUCTS_DIR)/Project2.app/Project2";
			};
			name = Release;
		};
/* End XCBuildConfiguration section */

/* Begin XCConfigurationList section */
		8E6BB25B1ACE09BA00CFD0C0 /* Build configuration list for PBXProject "Motion" */ = {
			isa = XCConfigurationList;
			buildConfigurations = (
				8E6BB2801ACE09BA00CFD0C0 /* Debug */,
				8E6BB2811ACE09BA00CFD0C0 /* Release */,
			);
			defaultConfigurationIsVisible = 0;
			defaultConfigurationName = Release;
		};
		8E6BB2821ACE09BA00CFD0C0 /* Build configuration list for PBXNativeTarget "Motion" */ = {
			isa = XCConfigurationList;
			buildConfigurations = (
				8E6BB2831ACE09BA00CFD0C0 /* Debug */,
				8E6BB2841ACE09BA00CFD0C0 /* Release */,
			);
			defaultConfigurationIsVisible = 0;
			defaultConfigurationName = Release;
		};
		8E6BB2851ACE09BA00CFD0C0 /* Build configuration list for PBXNativeTarget "MotionTests" */ = {
			isa = XCConfigurationList;
			buildConfigurations = (
				8E6BB2861ACE09BA00CFD0C0 /* Debug */,
				8E6BB2871ACE09BA00CFD0C0 /* Release */,
			);
			defaultConfigurationIsVisible = 0;
			defaultConfigurationName = Release;
		};
/* End XCConfigurationList section */

/* Begin XCVersionGroup section */
		8E6BB2671ACE09BA00CFD0C0 /* Project2.xcdatamodeld */ = {
			isa = XCVersionGroup;
			children = (
				8E6BB2681ACE09BA00CFD0C0 /* Project2.xcdatamodel */,
			);
			currentVersion = 8E6BB2681ACE09BA00CFD0C0 /* Project2.xcdatamodel */;
			path = Project2.xcdatamodeld;
			sourceTree = "<group>";
			versionGroupType = wrapper.xcdatamodel;
		};
/* End XCVersionGroup section */
	};
	rootObject = 8E6BB2581ACE09BA00CFD0C0 /* Project object */;
}
