// !$*UTF8*$!
{
	archiveVersion = 1;
	classes = {
	};
	objectVersion = 46;
	objects = {

/* Begin PBXBuildFile section */
		8EEBB3EA1AE9BACA007922F0 /* AppDelegate.swift in Sources */ = {isa = PBXBuildFile; fileRef = 8EEBB3E91AE9BACA007922F0 /* AppDelegate.swift */; };
		8EEBB3ED1AE9BACA007922F0 /* DimmerSwitch.xcdatamodeld in Sources */ = {isa = PBXBuildFile; fileRef = 8EEBB3EB1AE9BACA007922F0 /* DimmerSwitch.xcdatamodeld */; };
		8EEBB3EF1AE9BACA007922F0 /* ViewController.swift in Sources */ = {isa = PBXBuildFile; fileRef = 8EEBB3EE1AE9BACA007922F0 /* ViewController.swift */; };
		8EEBB3F21AE9BACA007922F0 /* Main.storyboard in Resources */ = {isa = PBXBuildFile; fileRef = 8EEBB3F01AE9BACA007922F0 /* Main.storyboard */; };
		8EEBB3F41AE9BACA007922F0 /* Images.xcassets in Resources */ = {isa = PBXBuildFile; fileRef = 8EEBB3F31AE9BACA007922F0 /* Images.xcassets */; };
		8EEBB3F71AE9BACA007922F0 /* LaunchScreen.xib in Resources */ = {isa = PBXBuildFile; fileRef = 8EEBB3F51AE9BACA007922F0 /* LaunchScreen.xib */; };
		8EEBB4031AE9BACA007922F0 /* DimmerSwitchTests.swift in Sources */ = {isa = PBXBuildFile; fileRef = 8EEBB4021AE9BACA007922F0 /* DimmerSwitchTests.swift */; };
/* End PBXBuildFile section */

/* Begin PBXContainerItemProxy section */
		8EEBB3FD1AE9BACA007922F0 /* PBXContainerItemProxy */ = {
			isa = PBXContainerItemProxy;
			containerPortal = 8EEBB3DC1AE9BACA007922F0 /* Project object */;
			proxyType = 1;
			remoteGlobalIDString = 8EEBB3E31AE9BACA007922F0;
			remoteInfo = DimmerSwitch;
		};
/* End PBXContainerItemProxy section */

/* Begin PBXFileReference section */
		8EEBB3E41AE9BACA007922F0 /* DimmerSwitch.app */ = {isa = PBXFileReference; explicitFileType = wrapper.application; includeInIndex = 0; path = DimmerSwitch.app; sourceTree = BUILT_PRODUCTS_DIR; };
		8EEBB3E81AE9BACA007922F0 /* Info.plist */ = {isa = PBXFileReference; lastKnownFileType = text.plist.xml; path = Info.plist; sourceTree = "<group>"; };
		8EEBB3E91AE9BACA007922F0 /* AppDelegate.swift */ = {isa = PBXFileReference; lastKnownFileType = sourcecode.swift; path = AppDelegate.swift; sourceTree = "<group>"; };
		8EEBB3EC1AE9BACA007922F0 /* DimmerSwitch.xcdatamodel */ = {isa = PBXFileReference; lastKnownFileType = wrapper.xcdatamodel; path = DimmerSwitch.xcdatamodel; sourceTree = "<group>"; };
		8EEBB3EE1AE9BACA007922F0 /* ViewController.swift */ = {isa = PBXFileReference; lastKnownFileType = sourcecode.swift; path = ViewController.swift; sourceTree = "<group>"; };
		8EEBB3F11AE9BACA007922F0 /* Base */ = {isa = PBXFileReference; lastKnownFileType = file.storyboard; name = Base; path = Base.lproj/Main.storyboard; sourceTree = "<group>"; };
		8EEBB3F31AE9BACA007922F0 /* Images.xcassets */ = {isa = PBXFileReference; lastKnownFileType = folder.assetcatalog; path = Images.xcassets; sourceTree = "<group>"; };
		8EEBB3F61AE9BACA007922F0 /* Base */ = {isa = PBXFileReference; lastKnownFileType = file.xib; name = Base; path = Base.lproj/LaunchScreen.xib; sourceTree = "<group>"; };
		8EEBB3FC1AE9BACA007922F0 /* DimmerSwitchTests.xctest */ = {isa = PBXFileReference; explicitFileType = wrapper.cfbundle; includeInIndex = 0; path = DimmerSwitchTests.xctest; sourceTree = BUILT_PRODUCTS_DIR; };
		8EEBB4011AE9BACA007922F0 /* Info.plist */ = {isa = PBXFileReference; lastKnownFileType = text.plist.xml; path = Info.plist; sourceTree = "<group>"; };
		8EEBB4021AE9BACA007922F0 /* DimmerSwitchTests.swift */ = {isa = PBXFileReference; lastKnownFileType = sourcecode.swift; path = DimmerSwitchTests.swift; sourceTree = "<group>"; };
/* End PBXFileReference section */

/* Begin PBXFrameworksBuildPhase section */
		8EEBB3E11AE9BACA007922F0 /* Frameworks */ = {
			isa = PBXFrameworksBuildPhase;
			buildActionMask = 2147483647;
			files = (
			);
			runOnlyForDeploymentPostprocessing = 0;
		};
		8EEBB3F91AE9BACA007922F0 /* Frameworks */ = {
			isa = PBXFrameworksBuildPhase;
			buildActionMask = 2147483647;
			files = (
			);
			runOnlyForDeploymentPostprocessing = 0;
		};
/* End PBXFrameworksBuildPhase section */

/* Begin PBXGroup section */
		8EEBB3DB1AE9BACA007922F0 = {
			isa = PBXGroup;
			children = (
				8EEBB3E61AE9BACA007922F0 /* DimmerSwitch */,
				8EEBB3FF1AE9BACA007922F0 /* DimmerSwitchTests */,
				8EEBB3E51AE9BACA007922F0 /* Products */,
			);
			sourceTree = "<group>";
		};
		8EEBB3E51AE9BACA007922F0 /* Products */ = {
			isa = PBXGroup;
			children = (
				8EEBB3E41AE9BACA007922F0 /* DimmerSwitch.app */,
				8EEBB3FC1AE9BACA007922F0 /* DimmerSwitchTests.xctest */,
			);
			name = Products;
			sourceTree = "<group>";
		};
		8EEBB3E61AE9BACA007922F0 /* DimmerSwitch */ = {
			isa = PBXGroup;
			children = (
				8EEBB3E91AE9BACA007922F0 /* AppDelegate.swift */,
				8EEBB3EE1AE9BACA007922F0 /* ViewController.swift */,
				8EEBB3F01AE9BACA007922F0 /* Main.storyboard */,
				8EEBB3F31AE9BACA007922F0 /* Images.xcassets */,
				8EEBB3F51AE9BACA007922F0 /* LaunchScreen.xib */,
				8EEBB3EB1AE9BACA007922F0 /* DimmerSwitch.xcdatamodeld */,
				8EEBB3E71AE9BACA007922F0 /* Supporting Files */,
			);
			path = DimmerSwitch;
			sourceTree = "<group>";
		};
		8EEBB3E71AE9BACA007922F0 /* Supporting Files */ = {
			isa = PBXGroup;
			children = (
				8EEBB3E81AE9BACA007922F0 /* Info.plist */,
			);
			name = "Supporting Files";
			sourceTree = "<group>";
		};
		8EEBB3FF1AE9BACA007922F0 /* DimmerSwitchTests */ = {
			isa = PBXGroup;
			children = (
				8EEBB4021AE9BACA007922F0 /* DimmerSwitchTests.swift */,
				8EEBB4001AE9BACA007922F0 /* Supporting Files */,
			);
			path = DimmerSwitchTests;
			sourceTree = "<group>";
		};
		8EEBB4001AE9BACA007922F0 /* Supporting Files */ = {
			isa = PBXGroup;
			children = (
				8EEBB4011AE9BACA007922F0 /* Info.plist */,
			);
			name = "Supporting Files";
			sourceTree = "<group>";
		};
/* End PBXGroup section */

/* Begin PBXNativeTarget section */
		8EEBB3E31AE9BACA007922F0 /* DimmerSwitch */ = {
			isa = PBXNativeTarget;
			buildConfigurationList = 8EEBB4061AE9BACA007922F0 /* Build configuration list for PBXNativeTarget "DimmerSwitch" */;
			buildPhases = (
				8EEBB3E01AE9BACA007922F0 /* Sources */,
				8EEBB3E11AE9BACA007922F0 /* Frameworks */,
				8EEBB3E21AE9BACA007922F0 /* Resources */,
			);
			buildRules = (
			);
			dependencies = (
			);
			name = DimmerSwitch;
			productName = DimmerSwitch;
			productReference = 8EEBB3E41AE9BACA007922F0 /* DimmerSwitch.app */;
			productType = "com.apple.product-type.application";
		};
		8EEBB3FB1AE9BACA007922F0 /* DimmerSwitchTests */ = {
			isa = PBXNativeTarget;
			buildConfigurationList = 8EEBB4091AE9BACA007922F0 /* Build configuration list for PBXNativeTarget "DimmerSwitchTests" */;
			buildPhases = (
				8EEBB3F81AE9BACA007922F0 /* Sources */,
				8EEBB3F91AE9BACA007922F0 /* Frameworks */,
				8EEBB3FA1AE9BACA007922F0 /* Resources */,
			);
			buildRules = (
			);
			dependencies = (
				8EEBB3FE1AE9BACA007922F0 /* PBXTargetDependency */,
			);
			name = DimmerSwitchTests;
			productName = DimmerSwitchTests;
			productReference = 8EEBB3FC1AE9BACA007922F0 /* DimmerSwitchTests.xctest */;
			productType = "com.apple.product-type.bundle.unit-test";
		};
/* End PBXNativeTarget section */

/* Begin PBXProject section */
		8EEBB3DC1AE9BACA007922F0 /* Project object */ = {
			isa = PBXProject;
			attributes = {
				LastUpgradeCheck = 0630;
				ORGANIZATIONNAME = "Oliver Spryn";
				TargetAttributes = {
					8EEBB3E31AE9BACA007922F0 = {
						CreatedOnToolsVersion = 6.3;
					};
					8EEBB3FB1AE9BACA007922F0 = {
						CreatedOnToolsVersion = 6.3;
						TestTargetID = 8EEBB3E31AE9BACA007922F0;
					};
				};
			};
			buildConfigurationList = 8EEBB3DF1AE9BACA007922F0 /* Build configuration list for PBXProject "DimmerSwitch" */;
			compatibilityVersion = "Xcode 3.2";
			developmentRegion = English;
			hasScannedForEncodings = 0;
			knownRegions = (
				en,
				Base,
			);
			mainGroup = 8EEBB3DB1AE9BACA007922F0;
			productRefGroup = 8EEBB3E51AE9BACA007922F0 /* Products */;
			projectDirPath = "";
			projectRoot = "";
			targets = (
				8EEBB3E31AE9BACA007922F0 /* DimmerSwitch */,
				8EEBB3FB1AE9BACA007922F0 /* DimmerSwitchTests */,
			);
		};
/* End PBXProject section */

/* Begin PBXResourcesBuildPhase section */
		8EEBB3E21AE9BACA007922F0 /* Resources */ = {
			isa = PBXResourcesBuildPhase;
			buildActionMask = 2147483647;
			files = (
				8EEBB3F21AE9BACA007922F0 /* Main.storyboard in Resources */,
				8EEBB3F71AE9BACA007922F0 /* LaunchScreen.xib in Resources */,
				8EEBB3F41AE9BACA007922F0 /* Images.xcassets in Resources */,
			);
			runOnlyForDeploymentPostprocessing = 0;
		};
		8EEBB3FA1AE9BACA007922F0 /* Resources */ = {
			isa = PBXResourcesBuildPhase;
			buildActionMask = 2147483647;
			files = (
			);
			runOnlyForDeploymentPostprocessing = 0;
		};
/* End PBXResourcesBuildPhase section */

/* Begin PBXSourcesBuildPhase section */
		8EEBB3E01AE9BACA007922F0 /* Sources */ = {
			isa = PBXSourcesBuildPhase;
			buildActionMask = 2147483647;
			files = (
				8EEBB3EF1AE9BACA007922F0 /* ViewController.swift in Sources */,
				8EEBB3EA1AE9BACA007922F0 /* AppDelegate.swift in Sources */,
				8EEBB3ED1AE9BACA007922F0 /* DimmerSwitch.xcdatamodeld in Sources */,
			);
			runOnlyForDeploymentPostprocessing = 0;
		};
		8EEBB3F81AE9BACA007922F0 /* Sources */ = {
			isa = PBXSourcesBuildPhase;
			buildActionMask = 2147483647;
			files = (
				8EEBB4031AE9BACA007922F0 /* DimmerSwitchTests.swift in Sources */,
			);
			runOnlyForDeploymentPostprocessing = 0;
		};
/* End PBXSourcesBuildPhase section */

/* Begin PBXTargetDependency section */
		8EEBB3FE1AE9BACA007922F0 /* PBXTargetDependency */ = {
			isa = PBXTargetDependency;
			target = 8EEBB3E31AE9BACA007922F0 /* DimmerSwitch */;
			targetProxy = 8EEBB3FD1AE9BACA007922F0 /* PBXContainerItemProxy */;
		};
/* End PBXTargetDependency section */

/* Begin PBXVariantGroup section */
		8EEBB3F01AE9BACA007922F0 /* Main.storyboard */ = {
			isa = PBXVariantGroup;
			children = (
				8EEBB3F11AE9BACA007922F0 /* Base */,
			);
			name = Main.storyboard;
			sourceTree = "<group>";
		};
		8EEBB3F51AE9BACA007922F0 /* LaunchScreen.xib */ = {
			isa = PBXVariantGroup;
			children = (
				8EEBB3F61AE9BACA007922F0 /* Base */,
			);
			name = LaunchScreen.xib;
			sourceTree = "<group>";
		};
/* End PBXVariantGroup section */

/* Begin XCBuildConfiguration section */
		8EEBB4041AE9BACA007922F0 /* Debug */ = {
			isa = XCBuildConfiguration;
			buildSettings = {
				ALWAYS_SEARCH_USER_PATHS = NO;
				CLANG_CXX_LANGUAGE_STANDARD = "gnu++0x";
				CLANG_CXX_LIBRARY = "libc++";
				CLANG_ENABLE_MODULES = YES;
				CLANG_ENABLE_OBJC_ARC = YES;
				CLANG_WARN_BOOL_CONVERSION = YES;
				CLANG_WARN_CONSTANT_CONVERSION = YES;
				CLANG_WARN_DIRECT_OBJC_ISA_USAGE = YES_ERROR;
				CLANG_WARN_EMPTY_BODY = YES;
				CLANG_WARN_ENUM_CONVERSION = YES;
				CLANG_WARN_INT_CONVERSION = YES;
				CLANG_WARN_OBJC_ROOT_CLASS = YES_ERROR;
				CLANG_WARN_UNREACHABLE_CODE = YES;
				CLANG_WARN__DUPLICATE_METHOD_MATCH = YES;
				"CODE_SIGN_IDENTITY[sdk=iphoneos*]" = "iPhone Developer";
				COPY_PHASE_STRIP = NO;
				DEBUG_INFORMATION_FORMAT = "dwarf-with-dsym";
				ENABLE_STRICT_OBJC_MSGSEND = YES;
				GCC_C_LANGUAGE_STANDARD = gnu99;
				GCC_DYNAMIC_NO_PIC = NO;
				GCC_NO_COMMON_BLOCKS = YES;
				GCC_OPTIMIZATION_LEVEL = 0;
				GCC_PREPROCESSOR_DEFINITIONS = (
					"DEBUG=1",
					"$(inherited)",
				);
				GCC_SYMBOLS_PRIVATE_EXTERN = NO;
				GCC_WARN_64_TO_32_BIT_CONVERSION = YES;
				GCC_WARN_ABOUT_RETURN_TYPE = YES_ERROR;
				GCC_WARN_UNDECLARED_SELECTOR = YES;
				GCC_WARN_UNINITIALIZED_AUTOS = YES_AGGRESSIVE;
				GCC_WARN_UNUSED_FUNCTION = YES;
				GCC_WARN_UNUSED_VARIABLE = YES;
				IPHONEOS_DEPLOYMENT_TARGET = 8.3;
				MTL_ENABLE_DEBUG_INFO = YES;
				ONLY_ACTIVE_ARCH = YES;
				SDKROOT = iphoneos;
				SWIFT_OPTIMIZATION_LEVEL = "-Onone";
				TARGETED_DEVICE_FAMILY = "1,2";
			};
			name = Debug;
		};
		8EEBB4051AE9BACA007922F0 /* Release */ = {
			isa = XCBuildConfiguration;
			buildSettings = {
				ALWAYS_SEARCH_USER_PATHS = NO;
				CLANG_CXX_LANGUAGE_STANDARD = "gnu++0x";
				CLANG_CXX_LIBRARY = "libc++";
				CLANG_ENABLE_MODULES = YES;
				CLANG_ENABLE_OBJC_ARC = YES;
				CLANG_WARN_BOOL_CONVERSION = YES;
				CLANG_WARN_CONSTANT_CONVERSION = YES;
				CLANG_WARN_DIRECT_OBJC_ISA_USAGE = YES_ERROR;
				CLANG_WARN_EMPTY_BODY = YES;
				CLANG_WARN_ENUM_CONVERSION = YES;
				CLANG_WARN_INT_CONVERSION = YES;
				CLANG_WARN_OBJC_ROOT_CLASS = YES_ERROR;
				CLANG_WARN_UNREACHABLE_CODE = YES;
				CLANG_WARN__DUPLICATE_METHOD_MATCH = YES;
				"CODE_SIGN_IDENTITY[sdk=iphoneos*]" = "iPhone Developer";
				COPY_PHASE_STRIP = NO;
				DEBUG_INFORMATION_FORMAT = "dwarf-with-dsym";
				ENABLE_NS_ASSERTIONS = NO;
				ENABLE_STRICT_OBJC_MSGSEND = YES;
				GCC_C_LANGUAGE_STANDARD = gnu99;
				GCC_NO_COMMON_BLOCKS = YES;
				GCC_WARN_64_TO_32_BIT_CONVERSION = YES;
				GCC_WARN_ABOUT_RETURN_TYPE = YES_ERROR;
				GCC_WARN_UNDECLARED_SELECTOR = YES;
				GCC_WARN_UNINITIALIZED_AUTOS = YES_AGGRESSIVE;
				GCC_WARN_UNUSED_FUNCTION = YES;
				GCC_WARN_UNUSED_VARIABLE = YES;
				IPHONEOS_DEPLOYMENT_TARGET = 8.3;
				MTL_ENABLE_DEBUG_INFO = NO;
				SDKROOT = iphoneos;
				TARGETED_DEVICE_FAMILY = "1,2";
				VALIDATE_PRODUCT = YES;
			};
			name = Release;
		};
		8EEBB4071AE9BACA007922F0 /* Debug */ = {
			isa = XCBuildConfiguration;
			buildSettings = {
				ASSETCATALOG_COMPILER_APPICON_NAME = AppIcon;
				INFOPLIST_FILE = DimmerSwitch/Info.plist;
				LD_RUNPATH_SEARCH_PATHS = "$(inherited) @executable_path/Frameworks";
				PRODUCT_NAME = "$(TARGET_NAME)";
			};
			name = Debug;
		};
		8EEBB4081AE9BACA007922F0 /* Release */ = {
			isa = XCBuildConfiguration;
			buildSettings = {
				ASSETCATALOG_COMPILER_APPICON_NAME = AppIcon;
				INFOPLIST_FILE = DimmerSwitch/Info.plist;
				LD_RUNPATH_SEARCH_PATHS = "$(inherited) @executable_path/Frameworks";
				PRODUCT_NAME = "$(TARGET_NAME)";
			};
			name = Release;
		};
		8EEBB40A1AE9BACA007922F0 /* Debug */ = {
			isa = XCBuildConfiguration;
			buildSettings = {
				BUNDLE_LOADER = "$(TEST_HOST)";
				FRAMEWORK_SEARCH_PATHS = (
					"$(SDKROOT)/Developer/Library/Frameworks",
					"$(inherited)",
				);
				GCC_PREPROCESSOR_DEFINITIONS = (
					"DEBUG=1",
					"$(inherited)",
				);
				INFOPLIST_FILE = DimmerSwitchTests/Info.plist;
				LD_RUNPATH_SEARCH_PATHS = "$(inherited) @executable_path/Frameworks @loader_path/Frameworks";
				PRODUCT_NAME = "$(TARGET_NAME)";
				TEST_HOST = "$(BUILT_PRODUCTS_DIR)/DimmerSwitch.app/DimmerSwitch";
			};
			name = Debug;
		};
		8EEBB40B1AE9BACA007922F0 /* Release */ = {
			isa = XCBuildConfiguration;
			buildSettings = {
				BUNDLE_LOADER = "$(TEST_HOST)";
				FRAMEWORK_SEARCH_PATHS = (
					"$(SDKROOT)/Developer/Library/Frameworks",
					"$(inherited)",
				);
				INFOPLIST_FILE = DimmerSwitchTests/Info.plist;
				LD_RUNPATH_SEARCH_PATHS = "$(inherited) @executable_path/Frameworks @loader_path/Frameworks";
				PRODUCT_NAME = "$(TARGET_NAME)";
				TEST_HOST = "$(BUILT_PRODUCTS_DIR)/DimmerSwitch.app/DimmerSwitch";
			};
			name = Release;
		};
/* End XCBuildConfiguration section */

/* Begin XCConfigurationList section */
		8EEBB3DF1AE9BACA007922F0 /* Build configuration list for PBXProject "DimmerSwitch" */ = {
			isa = XCConfigurationList;
			buildConfigurations = (
				8EEBB4041AE9BACA007922F0 /* Debug */,
				8EEBB4051AE9BACA007922F0 /* Release */,
			);
			defaultConfigurationIsVisible = 0;
			defaultConfigurationName = Release;
		};
		8EEBB4061AE9BACA007922F0 /* Build configuration list for PBXNativeTarget "DimmerSwitch" */ = {
			isa = XCConfigurationList;
			buildConfigurations = (
				8EEBB4071AE9BACA007922F0 /* Debug */,
				8EEBB4081AE9BACA007922F0 /* Release */,
			);
			defaultConfigurationIsVisible = 0;
		};
		8EEBB4091AE9BACA007922F0 /* Build configuration list for PBXNativeTarget "DimmerSwitchTests" */ = {
			isa = XCConfigurationList;
			buildConfigurations = (
				8EEBB40A1AE9BACA007922F0 /* Debug */,
				8EEBB40B1AE9BACA007922F0 /* Release */,
			);
			defaultConfigurationIsVisible = 0;
		};
/* End XCConfigurationList section */

/* Begin XCVersionGroup section */
		8EEBB3EB1AE9BACA007922F0 /* DimmerSwitch.xcdatamodeld */ = {
			isa = XCVersionGroup;
			children = (
				8EEBB3EC1AE9BACA007922F0 /* DimmerSwitch.xcdatamodel */,
			);
			currentVersion = 8EEBB3EC1AE9BACA007922F0 /* DimmerSwitch.xcdatamodel */;
			path = DimmerSwitch.xcdatamodeld;
			sourceTree = "<group>";
			versionGroupType = wrapper.xcdatamodel;
		};
/* End XCVersionGroup section */
	};
	rootObject = 8EEBB3DC1AE9BACA007922F0 /* Project object */;
}
