// !$*UTF8*$!
{
	archiveVersion = 1;
	classes = {
	};
	objectVersion = 46;
	objects = {

/* Begin PBXBuildFile section */
		671BBFD81AE6F7960003784D /* AppDelegate.swift in Sources */ = {isa = PBXBuildFile; fileRef = 671BBFD71AE6F7960003784D /* AppDelegate.swift */; };
		671BBFDA1AE6F7960003784D /* ViewController.swift in Sources */ = {isa = PBXBuildFile; fileRef = 671BBFD91AE6F7960003784D /* ViewController.swift */; };
		671BBFDD1AE6F7960003784D /* Main.storyboard in Resources */ = {isa = PBXBuildFile; fileRef = 671BBFDB1AE6F7960003784D /* Main.storyboard */; };
		671BBFDF1AE6F7960003784D /* Images.xcassets in Resources */ = {isa = PBXBuildFile; fileRef = 671BBFDE1AE6F7960003784D /* Images.xcassets */; };
		671BBFE21AE6F7960003784D /* LaunchScreen.xib in Resources */ = {isa = PBXBuildFile; fileRef = 671BBFE01AE6F7960003784D /* LaunchScreen.xib */; };
		671BBFEE1AE6F7960003784D /* Exam_2_KeyTests.swift in Sources */ = {isa = PBXBuildFile; fileRef = 671BBFED1AE6F7960003784D /* Exam_2_KeyTests.swift */; };
		671BBFF81AE6F8480003784D /* DeckVC.swift in Sources */ = {isa = PBXBuildFile; fileRef = 671BBFF71AE6F8480003784D /* DeckVC.swift */; };
		8E49B84B1AE70D7F0026988A /* AsyncRPC.swift in Sources */ = {isa = PBXBuildFile; fileRef = 8E49B84A1AE70D7F0026988A /* AsyncRPC.swift */; };
		8E49B84D1AE70E090026988A /* FetchDeck.swift in Sources */ = {isa = PBXBuildFile; fileRef = 8E49B84C1AE70E090026988A /* FetchDeck.swift */; };
/* End PBXBuildFile section */

/* Begin PBXContainerItemProxy section */
		671BBFE81AE6F7960003784D /* PBXContainerItemProxy */ = {
			isa = PBXContainerItemProxy;
			containerPortal = 671BBFCA1AE6F7960003784D /* Project object */;
			proxyType = 1;
			remoteGlobalIDString = 671BBFD11AE6F7960003784D;
			remoteInfo = "Exam 2 Key";
		};
/* End PBXContainerItemProxy section */

/* Begin PBXFileReference section */
		671BBFD21AE6F7960003784D /* Exam 2 Key.app */ = {isa = PBXFileReference; explicitFileType = wrapper.application; includeInIndex = 0; path = "Exam 2 Key.app"; sourceTree = BUILT_PRODUCTS_DIR; };
		671BBFD61AE6F7960003784D /* Info.plist */ = {isa = PBXFileReference; lastKnownFileType = text.plist.xml; path = Info.plist; sourceTree = "<group>"; };
		671BBFD71AE6F7960003784D /* AppDelegate.swift */ = {isa = PBXFileReference; lastKnownFileType = sourcecode.swift; path = AppDelegate.swift; sourceTree = "<group>"; };
		671BBFD91AE6F7960003784D /* ViewController.swift */ = {isa = PBXFileReference; lastKnownFileType = sourcecode.swift; path = ViewController.swift; sourceTree = "<group>"; };
		671BBFDC1AE6F7960003784D /* Base */ = {isa = PBXFileReference; lastKnownFileType = file.storyboard; name = Base; path = Base.lproj/Main.storyboard; sourceTree = "<group>"; };
		671BBFDE1AE6F7960003784D /* Images.xcassets */ = {isa = PBXFileReference; lastKnownFileType = folder.assetcatalog; path = Images.xcassets; sourceTree = "<group>"; };
		671BBFE11AE6F7960003784D /* Base */ = {isa = PBXFileReference; lastKnownFileType = file.xib; name = Base; path = Base.lproj/LaunchScreen.xib; sourceTree = "<group>"; };
		671BBFE71AE6F7960003784D /* Exam 2 KeyTests.xctest */ = {isa = PBXFileReference; explicitFileType = wrapper.cfbundle; includeInIndex = 0; path = "Exam 2 KeyTests.xctest"; sourceTree = BUILT_PRODUCTS_DIR; };
		671BBFEC1AE6F7960003784D /* Info.plist */ = {isa = PBXFileReference; lastKnownFileType = text.plist.xml; path = Info.plist; sourceTree = "<group>"; };
		671BBFED1AE6F7960003784D /* Exam_2_KeyTests.swift */ = {isa = PBXFileReference; lastKnownFileType = sourcecode.swift; path = Exam_2_KeyTests.swift; sourceTree = "<group>"; };
		671BBFF71AE6F8480003784D /* DeckVC.swift */ = {isa = PBXFileReference; fileEncoding = 4; lastKnownFileType = sourcecode.swift; path = DeckVC.swift; sourceTree = "<group>"; };
		8E49B84A1AE70D7F0026988A /* AsyncRPC.swift */ = {isa = PBXFileReference; fileEncoding = 4; lastKnownFileType = sourcecode.swift; path = AsyncRPC.swift; sourceTree = "<group>"; };
		8E49B84C1AE70E090026988A /* FetchDeck.swift */ = {isa = PBXFileReference; fileEncoding = 4; lastKnownFileType = sourcecode.swift; path = FetchDeck.swift; sourceTree = "<group>"; };
/* End PBXFileReference section */

/* Begin PBXFrameworksBuildPhase section */
		671BBFCF1AE6F7960003784D /* Frameworks */ = {
			isa = PBXFrameworksBuildPhase;
			buildActionMask = 2147483647;
			files = (
			);
			runOnlyForDeploymentPostprocessing = 0;
		};
		671BBFE41AE6F7960003784D /* Frameworks */ = {
			isa = PBXFrameworksBuildPhase;
			buildActionMask = 2147483647;
			files = (
			);
			runOnlyForDeploymentPostprocessing = 0;
		};
/* End PBXFrameworksBuildPhase section */

/* Begin PBXGroup section */
		671BBFC91AE6F7960003784D = {
			isa = PBXGroup;
			children = (
				671BBFD41AE6F7960003784D /* Exam 2 Key */,
				671BBFEA1AE6F7960003784D /* Exam 2 KeyTests */,
				671BBFD31AE6F7960003784D /* Products */,
			);
			sourceTree = "<group>";
		};
		671BBFD31AE6F7960003784D /* Products */ = {
			isa = PBXGroup;
			children = (
				671BBFD21AE6F7960003784D /* Exam 2 Key.app */,
				671BBFE71AE6F7960003784D /* Exam 2 KeyTests.xctest */,
			);
			name = Products;
			sourceTree = "<group>";
		};
		671BBFD41AE6F7960003784D /* Exam 2 Key */ = {
			isa = PBXGroup;
			children = (
				671BBFD71AE6F7960003784D /* AppDelegate.swift */,
				671BBFD91AE6F7960003784D /* ViewController.swift */,
				671BBFF71AE6F8480003784D /* DeckVC.swift */,
				671BBFDB1AE6F7960003784D /* Main.storyboard */,
				671BBFDE1AE6F7960003784D /* Images.xcassets */,
				671BBFE01AE6F7960003784D /* LaunchScreen.xib */,
				671BBFD51AE6F7960003784D /* Supporting Files */,
				8E49B84A1AE70D7F0026988A /* AsyncRPC.swift */,
				8E49B84C1AE70E090026988A /* FetchDeck.swift */,
			);
			path = "Exam 2 Key";
			sourceTree = "<group>";
		};
		671BBFD51AE6F7960003784D /* Supporting Files */ = {
			isa = PBXGroup;
			children = (
				671BBFD61AE6F7960003784D /* Info.plist */,
			);
			name = "Supporting Files";
			sourceTree = "<group>";
		};
		671BBFEA1AE6F7960003784D /* Exam 2 KeyTests */ = {
			isa = PBXGroup;
			children = (
				671BBFED1AE6F7960003784D /* Exam_2_KeyTests.swift */,
				671BBFEB1AE6F7960003784D /* Supporting Files */,
			);
			path = "Exam 2 KeyTests";
			sourceTree = "<group>";
		};
		671BBFEB1AE6F7960003784D /* Supporting Files */ = {
			isa = PBXGroup;
			children = (
				671BBFEC1AE6F7960003784D /* Info.plist */,
			);
			name = "Supporting Files";
			sourceTree = "<group>";
		};
/* End PBXGroup section */

/* Begin PBXNativeTarget section */
		671BBFD11AE6F7960003784D /* Exam 2 Key */ = {
			isa = PBXNativeTarget;
			buildConfigurationList = 671BBFF11AE6F7960003784D /* Build configuration list for PBXNativeTarget "Exam 2 Key" */;
			buildPhases = (
				671BBFCE1AE6F7960003784D /* Sources */,
				671BBFCF1AE6F7960003784D /* Frameworks */,
				671BBFD01AE6F7960003784D /* Resources */,
			);
			buildRules = (
			);
			dependencies = (
			);
			name = "Exam 2 Key";
			productName = "Exam 2 Key";
			productReference = 671BBFD21AE6F7960003784D /* Exam 2 Key.app */;
			productType = "com.apple.product-type.application";
		};
		671BBFE61AE6F7960003784D /* Exam 2 KeyTests */ = {
			isa = PBXNativeTarget;
			buildConfigurationList = 671BBFF41AE6F7960003784D /* Build configuration list for PBXNativeTarget "Exam 2 KeyTests" */;
			buildPhases = (
				671BBFE31AE6F7960003784D /* Sources */,
				671BBFE41AE6F7960003784D /* Frameworks */,
				671BBFE51AE6F7960003784D /* Resources */,
			);
			buildRules = (
			);
			dependencies = (
				671BBFE91AE6F7960003784D /* PBXTargetDependency */,
			);
			name = "Exam 2 KeyTests";
			productName = "Exam 2 KeyTests";
			productReference = 671BBFE71AE6F7960003784D /* Exam 2 KeyTests.xctest */;
			productType = "com.apple.product-type.bundle.unit-test";
		};
/* End PBXNativeTarget section */

/* Begin PBXProject section */
		671BBFCA1AE6F7960003784D /* Project object */ = {
			isa = PBXProject;
			attributes = {
				LastUpgradeCheck = 0630;
				ORGANIZATIONNAME = Default;
				TargetAttributes = {
					671BBFD11AE6F7960003784D = {
						CreatedOnToolsVersion = 6.3;
					};
					671BBFE61AE6F7960003784D = {
						CreatedOnToolsVersion = 6.3;
						TestTargetID = 671BBFD11AE6F7960003784D;
					};
				};
			};
			buildConfigurationList = 671BBFCD1AE6F7960003784D /* Build configuration list for PBXProject "Exam 2 Key" */;
			compatibilityVersion = "Xcode 3.2";
			developmentRegion = English;
			hasScannedForEncodings = 0;
			knownRegions = (
				en,
				Base,
			);
			mainGroup = 671BBFC91AE6F7960003784D;
			productRefGroup = 671BBFD31AE6F7960003784D /* Products */;
			projectDirPath = "";
			projectRoot = "";
			targets = (
				671BBFD11AE6F7960003784D /* Exam 2 Key */,
				671BBFE61AE6F7960003784D /* Exam 2 KeyTests */,
			);
		};
/* End PBXProject section */

/* Begin PBXResourcesBuildPhase section */
		671BBFD01AE6F7960003784D /* Resources */ = {
			isa = PBXResourcesBuildPhase;
			buildActionMask = 2147483647;
			files = (
				671BBFDD1AE6F7960003784D /* Main.storyboard in Resources */,
				671BBFE21AE6F7960003784D /* LaunchScreen.xib in Resources */,
				671BBFDF1AE6F7960003784D /* Images.xcassets in Resources */,
			);
			runOnlyForDeploymentPostprocessing = 0;
		};
		671BBFE51AE6F7960003784D /* Resources */ = {
			isa = PBXResourcesBuildPhase;
			buildActionMask = 2147483647;
			files = (
			);
			runOnlyForDeploymentPostprocessing = 0;
		};
/* End PBXResourcesBuildPhase section */

/* Begin PBXSourcesBuildPhase section */
		671BBFCE1AE6F7960003784D /* Sources */ = {
			isa = PBXSourcesBuildPhase;
			buildActionMask = 2147483647;
			files = (
				8E49B84B1AE70D7F0026988A /* AsyncRPC.swift in Sources */,
				671BBFF81AE6F8480003784D /* DeckVC.swift in Sources */,
				671BBFDA1AE6F7960003784D /* ViewController.swift in Sources */,
				671BBFD81AE6F7960003784D /* AppDelegate.swift in Sources */,
				8E49B84D1AE70E090026988A /* FetchDeck.swift in Sources */,
			);
			runOnlyForDeploymentPostprocessing = 0;
		};
		671BBFE31AE6F7960003784D /* Sources */ = {
			isa = PBXSourcesBuildPhase;
			buildActionMask = 2147483647;
			files = (
				671BBFEE1AE6F7960003784D /* Exam_2_KeyTests.swift in Sources */,
			);
			runOnlyForDeploymentPostprocessing = 0;
		};
/* End PBXSourcesBuildPhase section */

/* Begin PBXTargetDependency section */
		671BBFE91AE6F7960003784D /* PBXTargetDependency */ = {
			isa = PBXTargetDependency;
			target = 671BBFD11AE6F7960003784D /* Exam 2 Key */;
			targetProxy = 671BBFE81AE6F7960003784D /* PBXContainerItemProxy */;
		};
/* End PBXTargetDependency section */

/* Begin PBXVariantGroup section */
		671BBFDB1AE6F7960003784D /* Main.storyboard */ = {
			isa = PBXVariantGroup;
			children = (
				671BBFDC1AE6F7960003784D /* Base */,
			);
			name = Main.storyboard;
			sourceTree = "<group>";
		};
		671BBFE01AE6F7960003784D /* LaunchScreen.xib */ = {
			isa = PBXVariantGroup;
			children = (
				671BBFE11AE6F7960003784D /* Base */,
			);
			name = LaunchScreen.xib;
			sourceTree = "<group>";
		};
/* End PBXVariantGroup section */

/* Begin XCBuildConfiguration section */
		671BBFEF1AE6F7960003784D /* Debug */ = {
			isa = XCBuildConfiguration;
			buildSettings = {
				ALWAYS_SEARCH_USER_PATHS = NO;
				CLANG_CXX_LANGUAGE_STANDARD = "gnu++0x";
				CLANG_CXX_LIBRARY = "libc++";
				CLANG_ENABLE_MODULES = YES;
				CLANG_ENABLE_OBJC_ARC = YES;
				CLANG_WARN_BOOL_CONVERSION = YES;
				CLANG_WARN_CONSTANT_CONVERSION = YES;
				CLANG_WARN_DIRECT_OBJC_ISA_USAGE = YES_ERROR;
				CLANG_WARN_EMPTY_BODY = YES;
				CLANG_WARN_ENUM_CONVERSION = YES;
				CLANG_WARN_INT_CONVERSION = YES;
				CLANG_WARN_OBJC_ROOT_CLASS = YES_ERROR;
				CLANG_WARN_UNREACHABLE_CODE = YES;
				CLANG_WARN__DUPLICATE_METHOD_MATCH = YES;
				"CODE_SIGN_IDENTITY[sdk=iphoneos*]" = "iPhone Developer";
				COPY_PHASE_STRIP = NO;
				DEBUG_INFORMATION_FORMAT = "dwarf-with-dsym";
				ENABLE_STRICT_OBJC_MSGSEND = YES;
				GCC_C_LANGUAGE_STANDARD = gnu99;
				GCC_DYNAMIC_NO_PIC = NO;
				GCC_NO_COMMON_BLOCKS = YES;
				GCC_OPTIMIZATION_LEVEL = 0;
				GCC_PREPROCESSOR_DEFINITIONS = (
					"DEBUG=1",
					"$(inherited)",
				);
				GCC_SYMBOLS_PRIVATE_EXTERN = NO;
				GCC_WARN_64_TO_32_BIT_CONVERSION = YES;
				GCC_WARN_ABOUT_RETURN_TYPE = YES_ERROR;
				GCC_WARN_UNDECLARED_SELECTOR = YES;
				GCC_WARN_UNINITIALIZED_AUTOS = YES_AGGRESSIVE;
				GCC_WARN_UNUSED_FUNCTION = YES;
				GCC_WARN_UNUSED_VARIABLE = YES;
				IPHONEOS_DEPLOYMENT_TARGET = 8.3;
				MTL_ENABLE_DEBUG_INFO = YES;
				ONLY_ACTIVE_ARCH = YES;
				SDKROOT = iphoneos;
				SWIFT_OPTIMIZATION_LEVEL = "-Onone";
			};
			name = Debug;
		};
		671BBFF01AE6F7960003784D /* Release */ = {
			isa = XCBuildConfiguration;
			buildSettings = {
				ALWAYS_SEARCH_USER_PATHS = NO;
				CLANG_CXX_LANGUAGE_STANDARD = "gnu++0x";
				CLANG_CXX_LIBRARY = "libc++";
				CLANG_ENABLE_MODULES = YES;
				CLANG_ENABLE_OBJC_ARC = YES;
				CLANG_WARN_BOOL_CONVERSION = YES;
				CLANG_WARN_CONSTANT_CONVERSION = YES;
				CLANG_WARN_DIRECT_OBJC_ISA_USAGE = YES_ERROR;
				CLANG_WARN_EMPTY_BODY = YES;
				CLANG_WARN_ENUM_CONVERSION = YES;
				CLANG_WARN_INT_CONVERSION = YES;
				CLANG_WARN_OBJC_ROOT_CLASS = YES_ERROR;
				CLANG_WARN_UNREACHABLE_CODE = YES;
				CLANG_WARN__DUPLICATE_METHOD_MATCH = YES;
				"CODE_SIGN_IDENTITY[sdk=iphoneos*]" = "iPhone Developer";
				COPY_PHASE_STRIP = NO;
				DEBUG_INFORMATION_FORMAT = "dwarf-with-dsym";
				ENABLE_NS_ASSERTIONS = NO;
				ENABLE_STRICT_OBJC_MSGSEND = YES;
				GCC_C_LANGUAGE_STANDARD = gnu99;
				GCC_NO_COMMON_BLOCKS = YES;
				GCC_WARN_64_TO_32_BIT_CONVERSION = YES;
				GCC_WARN_ABOUT_RETURN_TYPE = YES_ERROR;
				GCC_WARN_UNDECLARED_SELECTOR = YES;
				GCC_WARN_UNINITIALIZED_AUTOS = YES_AGGRESSIVE;
				GCC_WARN_UNUSED_FUNCTION = YES;
				GCC_WARN_UNUSED_VARIABLE = YES;
				IPHONEOS_DEPLOYMENT_TARGET = 8.3;
				MTL_ENABLE_DEBUG_INFO = NO;
				SDKROOT = iphoneos;
				VALIDATE_PRODUCT = YES;
			};
			name = Release;
		};
		671BBFF21AE6F7960003784D /* Debug */ = {
			isa = XCBuildConfiguration;
			buildSettings = {
				ASSETCATALOG_COMPILER_APPICON_NAME = AppIcon;
				INFOPLIST_FILE = "Exam 2 Key/Info.plist";
				LD_RUNPATH_SEARCH_PATHS = "$(inherited) @executable_path/Frameworks";
				PRODUCT_NAME = "$(TARGET_NAME)";
			};
			name = Debug;
		};
		671BBFF31AE6F7960003784D /* Release */ = {
			isa = XCBuildConfiguration;
			buildSettings = {
				ASSETCATALOG_COMPILER_APPICON_NAME = AppIcon;
				INFOPLIST_FILE = "Exam 2 Key/Info.plist";
				LD_RUNPATH_SEARCH_PATHS = "$(inherited) @executable_path/Frameworks";
				PRODUCT_NAME = "$(TARGET_NAME)";
			};
			name = Release;
		};
		671BBFF51AE6F7960003784D /* Debug */ = {
			isa = XCBuildConfiguration;
			buildSettings = {
				BUNDLE_LOADER = "$(TEST_HOST)";
				FRAMEWORK_SEARCH_PATHS = (
					"$(SDKROOT)/Developer/Library/Frameworks",
					"$(inherited)",
				);
				GCC_PREPROCESSOR_DEFINITIONS = (
					"DEBUG=1",
					"$(inherited)",
				);
				INFOPLIST_FILE = "Exam 2 KeyTests/Info.plist";
				LD_RUNPATH_SEARCH_PATHS = "$(inherited) @executable_path/Frameworks @loader_path/Frameworks";
				PRODUCT_NAME = "$(TARGET_NAME)";
				TEST_HOST = "$(BUILT_PRODUCTS_DIR)/Exam 2 Key.app/Exam 2 Key";
			};
			name = Debug;
		};
		671BBFF61AE6F7960003784D /* Release */ = {
			isa = XCBuildConfiguration;
			buildSettings = {
				BUNDLE_LOADER = "$(TEST_HOST)";
				FRAMEWORK_SEARCH_PATHS = (
					"$(SDKROOT)/Developer/Library/Frameworks",
					"$(inherited)",
				);
				INFOPLIST_FILE = "Exam 2 KeyTests/Info.plist";
				LD_RUNPATH_SEARCH_PATHS = "$(inherited) @executable_path/Frameworks @loader_path/Frameworks";
				PRODUCT_NAME = "$(TARGET_NAME)";
				TEST_HOST = "$(BUILT_PRODUCTS_DIR)/Exam 2 Key.app/Exam 2 Key";
			};
			name = Release;
		};
/* End XCBuildConfiguration section */

/* Begin XCConfigurationList section */
		671BBFCD1AE6F7960003784D /* Build configuration list for PBXProject "Exam 2 Key" */ = {
			isa = XCConfigurationList;
			buildConfigurations = (
				671BBFEF1AE6F7960003784D /* Debug */,
				671BBFF01AE6F7960003784D /* Release */,
			);
			defaultConfigurationIsVisible = 0;
			defaultConfigurationName = Release;
		};
		671BBFF11AE6F7960003784D /* Build configuration list for PBXNativeTarget "Exam 2 Key" */ = {
			isa = XCConfigurationList;
			buildConfigurations = (
				671BBFF21AE6F7960003784D /* Debug */,
				671BBFF31AE6F7960003784D /* Release */,
			);
			defaultConfigurationIsVisible = 0;
			defaultConfigurationName = Release;
		};
		671BBFF41AE6F7960003784D /* Build configuration list for PBXNativeTarget "Exam 2 KeyTests" */ = {
			isa = XCConfigurationList;
			buildConfigurations = (
				671BBFF51AE6F7960003784D /* Debug */,
				671BBFF61AE6F7960003784D /* Release */,
			);
			defaultConfigurationIsVisible = 0;
			defaultConfigurationName = Release;
		};
/* End XCConfigurationList section */
	};
	rootObject = 671BBFCA1AE6F7960003784D /* Project object */;
}
